// !$*UTF8*$!
{
	archiveVersion = 1;
	classes = {
	};
	objectVersion = 52;
	objects = {

/* Begin PBXBuildFile section */
		0207DA581B56EA530066E2B4 /* Images.xcassets in Resources */ = {isa = PBXBuildFile; fileRef = 0207DA571B56EA530066E2B4 /* Images.xcassets */; };
		09265095309F4454935EF37E /* IONAssetHandler.m in Sources */ = {isa = PBXBuildFile; fileRef = D76498E9C652400DB1562A5A /* IONAssetHandler.m */; };
		1D3623260D0F684500981E51 /* AppDelegate.m in Sources */ = {isa = PBXBuildFile; fileRef = 1D3623250D0F684500981E51 /* AppDelegate.m */; };
		1D60589B0D05DD56006BFB54 /* main.m in Sources */ = {isa = PBXBuildFile; fileRef = 29B97316FDCFA39411CA2CEA /* main.m */; };
		22D4DF135CF24B24A9590903 /* CDVSplashScreen.m in Sources */ = {isa = PBXBuildFile; fileRef = 50589080090B49C5AAC033E2 /* CDVSplashScreen.m */; };
		301BF552109A68D80062928A /* libCordova.a in Frameworks */ = {isa = PBXBuildFile; fileRef = 301BF535109A57CC0062928A /* libCordova.a */; settings = {ATTRIBUTES = (Required, ); }; };
		302D95F114D2391D003F00A1 /* MainViewController.m in Sources */ = {isa = PBXBuildFile; fileRef = 302D95EF14D2391D003F00A1 /* MainViewController.m */; };
		302D95F214D2391D003F00A1 /* MainViewController.xib in Resources */ = {isa = PBXBuildFile; fileRef = 302D95F014D2391D003F00A1 /* MainViewController.xib */; };
		4581A7ED71AF47CCA71099FF /* FCMNotificationCenterDelegate.m in Sources */ = {isa = PBXBuildFile; fileRef = 1BD478D6C1794B639E6979D6 /* FCMNotificationCenterDelegate.m */; };
		53901745E4244DD2931BB17A /* OneSignalPush.m in Sources */ = {isa = PBXBuildFile; fileRef = 216C9387B63C4FDF81D64D00 /* OneSignalPush.m */; };
		552ED0FF219A4641ACF0593B /* SQLitePlugin.m in Sources */ = {isa = PBXBuildFile; fileRef = F56FCFDBB4F54566A12DCA6A /* SQLitePlugin.m */; };
		59282B1675B04197AD30BAC4 /* CDVViewController+SplashScreen.m in Sources */ = {isa = PBXBuildFile; fileRef = 185AE29E671C4FD4B7E3D05E /* CDVViewController+SplashScreen.m */; };
		5A1C225AEDB1451495E727B4 /* SystemConfiguration.framework in Frameworks */ = {isa = PBXBuildFile; fileRef = 4EF514EAEE5943A3BF4CFCAC /* SystemConfiguration.framework */; };
		6056DC3C7887490C8A0AF89C /* GoogleService-Info.plist in Resources */ = {isa = PBXBuildFile; fileRef = CD7477E5DECE434B8757803D /* GoogleService-Info.plist */; };
		6AFF5BF91D6E424B00AB3073 /* CDVLaunchScreen.storyboard in Resources */ = {isa = PBXBuildFile; fileRef = 6AFF5BF81D6E424B00AB3073 /* CDVLaunchScreen.storyboard */; };
		6D1569B6F3E24C638CED27D4 /* CDVDevice.m in Sources */ = {isa = PBXBuildFile; fileRef = 95882BE8BA9C4FD6B0053C00 /* CDVDevice.m */; };
		713371C0EA9E48D08D71DFAE /* CDVWKProcessPoolFactory.m in Sources */ = {isa = PBXBuildFile; fileRef = A5AD71A52A654C6AAFD88193 /* CDVWKProcessPoolFactory.m */; };
		75DBC07E547F481991F302F4 /* CDVWKWebViewUIDelegate.m in Sources */ = {isa = PBXBuildFile; fileRef = C6EA28FA257741EEA0A6A25C /* CDVWKWebViewUIDelegate.m */; };
		78686719C0414697820A8097 /* FCMPlugin.m in Sources */ = {isa = PBXBuildFile; fileRef = 1FF2E22910A04325B25390C7 /* FCMPlugin.m */; };
		9680EE0FAE9D431095AC3142 /* CDVIonicKeyboard.m in Sources */ = {isa = PBXBuildFile; fileRef = 2B04864E6B0C415A8AF516A2 /* CDVIonicKeyboard.m */; };
		9D882E7B0725487AA7E38738 /* CustomPSPDFThreadSafeMutableDictionary.m in Sources */ = {isa = PBXBuildFile; fileRef = 5D4F8EDEFBFA4C0CB3406424 /* CustomPSPDFThreadSafeMutableDictionary.m */; settings = {COMPILER_FLAGS = "-w"; }; };
		AB3492B9358B41CDA381520D /* WebKit.framework in Frameworks */ = {isa = PBXBuildFile; fileRef = CF2ABA18564E4E6D9B3484E0 /* WebKit.framework */; settings = {ATTRIBUTES = (Weak, ); }; };
		B2A70056A9D540B285639ADB /* CDVWKWebViewEngine.m in Sources */ = {isa = PBXBuildFile; fileRef = 948ECACB6F6344C895416B71 /* CDVWKWebViewEngine.m */; };
		B3621F359C8440DABB6A1A26 /* sqlite3.c in Sources */ = {isa = PBXBuildFile; fileRef = 3A7C26CA50704E048648C95B /* sqlite3.c */; settings = {COMPILER_FLAGS = "-w -DSQLITE_THREADSAFE=1 -DSQLITE_DEFAULT_SYNCHRONOUS=3 -DSQLITE_DEFAULT_MEMSTATUS=0 -DSQLITE_OMIT_DECLTYPE -DSQLITE_OMIT_DEPRECATED -DSQLITE_OMIT_PROGRESS_CALLBACK -DSQLITE_OMIT_SHARED_CACHE -DSQLITE_TEMP_STORE=2 -DSQLITE_OMIT_LOAD_EXTENSION -DSQLITE_ENABLE_FTS3 -DSQLITE_ENABLE_FTS3_PARENTHESIS -DSQLITE_ENABLE_FTS4 -DSQLITE_ENABLE_RTREE -DSQLITE_DEFAULT_PAGE_SIZE=4096"; }; };
		C30C20292AFD41D6BDC84060 /* AppDelegate+FCMPlugin.m in Sources */ = {isa = PBXBuildFile; fileRef = F97E474DD8DC4BA693F51D12 /* AppDelegate+FCMPlugin.m */; };
		D4E204DE84FE4CA497BFCA40 /* FCMPluginIOS9Support.m in Sources */ = {isa = PBXBuildFile; fileRef = 8449843419FA48A2A8029B7D /* FCMPluginIOS9Support.m */; };
		DAD20AABE7E64EB78CEC7073 /* CDVStatusBar.m in Sources */ = {isa = PBXBuildFile; fileRef = E93F0C1F9CAF4EB2A21B0CD6 /* CDVStatusBar.m */; };
		DF1FF5834C814D07A383F255 /* FirebaseAuthenticationPlugin.m in Sources */ = {isa = PBXBuildFile; fileRef = D971FCFF7EAB43F696C04BD2 /* FirebaseAuthenticationPlugin.m */; };
		E2DFE28F32395C8A8A303ED9 /* libPods-Promoshop.a in Frameworks */ = {isa = PBXBuildFile; fileRef = 270E2B774F044F2B89AFDEA7 /* libPods-Promoshop.a */; };
		205AB7DD2DE44B24B6E2AE84 /* GoogleMaps.bundle in Resources */ = {isa = PBXBuildFile; fileRef = 6AB3F406B49E47569FF4734E /* GoogleMaps.bundle */; };
		2405097FD33B495E951842CF /* Accelerate.framework in Frameworks */ = {isa = PBXBuildFile; fileRef = 23D164B7E20E4371AAC4252C /* Accelerate.framework */; };
		32744C75D16A4E05B4FEEEEC /* CoreData.framework in Frameworks */ = {isa = PBXBuildFile; fileRef = E33E7F3DEAFD46B0B17AB958 /* CoreData.framework */; };
		3910ED26D4324E70B0041881 /* CoreLocation.framework in Frameworks */ = {isa = PBXBuildFile; fileRef = 5F082BC0D7FB4D068DDC5550 /* CoreLocation.framework */; };
		145E7A7821F2431FB5951A67 /* CoreTelephony.framework in Frameworks */ = {isa = PBXBuildFile; fileRef = F71F73EDFDC246B4A99AFD73 /* CoreTelephony.framework */; };
		B8C9D2BC5C6A49C2A4A018ED /* CoreText.framework in Frameworks */ = {isa = PBXBuildFile; fileRef = DEA28CE7E202455693BE627A /* CoreText.framework */; };
		4BB1F69533DC4D23AEF5FFCC /* CoreImage.framework in Frameworks */ = {isa = PBXBuildFile; fileRef = 3734AB9BCF7B407B842DC01D /* CoreImage.framework */; };
		BDF84A825F614DAF807A0192 /* GLKit.framework in Frameworks */ = {isa = PBXBuildFile; fileRef = B18D6EE7EAA84B6B8D5FA4E9 /* GLKit.framework */; };
		BD76A918B6B5486CA3DB6EE1 /* ImageIO.framework in Frameworks */ = {isa = PBXBuildFile; fileRef = 39E6702DF6C24693826E4684 /* ImageIO.framework */; };
		6965B8A9E51E4E8E800AB7AB /* libc++.tbd in Frameworks */ = {isa = PBXBuildFile; fileRef = E9E4036F766D4393A030F10E /* libc++.tbd */; };
		3C43A15DD9FB4B1486B58D1C /* libz.tbd in Frameworks */ = {isa = PBXBuildFile; fileRef = D85165AA9AC84F42844A16BE /* libz.tbd */; };
		782F7CAF0E054C7BA8574DAD /* OpenGLES.framework in Frameworks */ = {isa = PBXBuildFile; fileRef = 0628D0FA65944E459E1ECD91 /* OpenGLES.framework */; };
		FA4212869C26459B9C591FBB /* QuartzCore.framework in Frameworks */ = {isa = PBXBuildFile; fileRef = 2A2C387990E94E518D1C4BA1 /* QuartzCore.framework */; };
		EAE8751EC78B4380B80BF8A4 /* UIKit.framework in Frameworks */ = {isa = PBXBuildFile; fileRef = 7BA7B6C321FC40008BA3F6A1 /* UIKit.framework */; };
		FB5AD120943045AC9F41A80C /* GoogleMapsBase.framework in Frameworks */ = {isa = PBXBuildFile; fileRef = A02C89C6D6AD4B8ABBD6704B /* GoogleMapsBase.framework */; };
		BDED4CE76C5242FC8D860B20 /* GoogleMaps.framework in Frameworks */ = {isa = PBXBuildFile; fileRef = A6B66F52D5494A9DB972C2BE /* GoogleMaps.framework */; };
		CF289ECAFC7743179CE59F65 /* GoogleMapsCore.framework in Frameworks */ = {isa = PBXBuildFile; fileRef = CE1E4C48991C4EEE8B092284 /* GoogleMapsCore.framework */; };
		78D93E0605F74C568F93F1C9 /* PluginObjects.m in Sources */ = {isa = PBXBuildFile; fileRef = 8306693E829E40AD92C26EC1 /* PluginObjects.m */; };
		54769D2BE1424C54849C1A77 /* PluginCircle.m in Sources */ = {isa = PBXBuildFile; fileRef = 344DABD3708E4FAE99CA07D8 /* PluginCircle.m */; };
		616D7B2B51164E48A74F5A93 /* PluginGeocoder.m in Sources */ = {isa = PBXBuildFile; fileRef = 9640B31F857546729D2D80F8 /* PluginGeocoder.m */; };
		0E7232F6526347239F948F0D /* PluginLocationService.m in Sources */ = {isa = PBXBuildFile; fileRef = 852B7AF43E21479B9738430D /* PluginLocationService.m */; };
		D81BF0F4EE5A4ADDBFA171ED /* PluginElevationService.m in Sources */ = {isa = PBXBuildFile; fileRef = 8B823AA86DE6444A99DFBDAA /* PluginElevationService.m */; };
		C8626416BED4400B9941EB6C /* PluginDirectionsService.m in Sources */ = {isa = PBXBuildFile; fileRef = FD8A7A869092416FB8BF11F9 /* PluginDirectionsService.m */; };
		272D516971154CEC88716898 /* PluginEnvironment.m in Sources */ = {isa = PBXBuildFile; fileRef = 736F8FC31D3B4A309E592F8E /* PluginEnvironment.m */; };
		3F35181BFD6747D386E75776 /* CordovaGoogleMaps.m in Sources */ = {isa = PBXBuildFile; fileRef = 41373AE26E4448CF960E2E36 /* CordovaGoogleMaps.m */; };
		DC8BCFFCE75B4E1BA8FDB5A9 /* PluginMapViewController.m in Sources */ = {isa = PBXBuildFile; fileRef = 6BF1EB74D72343F98BD92FF2 /* PluginMapViewController.m */; };
		3354AA417B0A4095989BB906 /* PluginGroundOverlay.m in Sources */ = {isa = PBXBuildFile; fileRef = 81C9A916C0A345558683BEE1 /* PluginGroundOverlay.m */; };
		3C4429E72E324FCDAFF10A62 /* PluginKmlOverlay.m in Sources */ = {isa = PBXBuildFile; fileRef = 7D1A082C71634F3FA52F4E15 /* PluginKmlOverlay.m */; };
		A92B3902DCB34289972B7BB2 /* PluginMap.m in Sources */ = {isa = PBXBuildFile; fileRef = 4DD240DDA3E545948436E893 /* PluginMap.m */; };
		0B1A160662F8442DB17CCE5A /* PluginMarker.m in Sources */ = {isa = PBXBuildFile; fileRef = BFAD3737592843499ADE405F /* PluginMarker.m */; };
		E2391C1D0257449C82EF583E /* PluginUtil.m in Sources */ = {isa = PBXBuildFile; fileRef = 06DE017573334DC4896205E4 /* PluginUtil.m */; };
		040B16E340ED4B94A5D9E67A /* PluginPolygon.m in Sources */ = {isa = PBXBuildFile; fileRef = 3583C579173E47D5A12D7B26 /* PluginPolygon.m */; };
		5354CEBDA6A545A3A7977C43 /* PluginPolyline.m in Sources */ = {isa = PBXBuildFile; fileRef = 021B04AC496E4AA9B6950DDA /* PluginPolyline.m */; };
		FAF738902759454FAA0489BE /* PluginTileProvider.m in Sources */ = {isa = PBXBuildFile; fileRef = FB1C8D2803834BC9B6940D0A /* PluginTileProvider.m */; };
		FD0F66F549474916A2241255 /* TBXML.m in Sources */ = {isa = PBXBuildFile; fileRef = C90A9B60F5C54D0E9C7A1767 /* TBXML.m */; };
		4064E8E268484F75A51BFA5B /* PluginTileOverlay.m in Sources */ = {isa = PBXBuildFile; fileRef = 1882F2E530D84BA78D5710AC /* PluginTileOverlay.m */; };
		54CBC61D1802428DAE48778D /* GMSCoordinateBounds+Geometry.m in Sources */ = {isa = PBXBuildFile; fileRef = 8CDAC2C8D52E42369503A5F9 /* GMSCoordinateBounds+Geometry.m */; };
		A4388434B8854A25B0B7D11C /* MyPluginLayer.m in Sources */ = {isa = PBXBuildFile; fileRef = 0AD7670EEEB845C891A49177 /* MyPluginLayer.m */; };
		609E794BBE7B4F3CB4EF8B6E /* MyPluginScrollView.m in Sources */ = {isa = PBXBuildFile; fileRef = B264C899E11F40B7AAE27F3C /* MyPluginScrollView.m */; };
		E1EFE5E91C0942B5B528079F /* PluginMarkerCluster.m in Sources */ = {isa = PBXBuildFile; fileRef = 31295C7827884A779882B5B7 /* PluginMarkerCluster.m */; };
		3CC82C0961D047CB92615951 /* UIImageCache.m in Sources */ = {isa = PBXBuildFile; fileRef = CBF84C9B1B8C458CA64EEF94 /* UIImageCache.m */; };
		FC2334671ACC497CBDBECC08 /* PluginStreetViewPanorama.m in Sources */ = {isa = PBXBuildFile; fileRef = E397C794AC02417EADB15697 /* PluginStreetViewPanorama.m */; };
		C5E5008113BA490189BEE086 /* PluginStreetViewPanoramaController.m in Sources */ = {isa = PBXBuildFile; fileRef = 8FF562D6804F417993E11D00 /* PluginStreetViewPanoramaController.m */; };
		90564563ADAA48B98BE695FB /* PluginViewController.m in Sources */ = {isa = PBXBuildFile; fileRef = 0DEA303D47664082BF4E07F2 /* PluginViewController.m */; };
		C555C2E0BE4B4921A301318D /* pgm_Localizable_en.json in Resources */ = {isa = PBXBuildFile; fileRef = CF45C8330848487A9A6258F9 /* pgm_Localizable_en.json */; };
		8307200DEFED4919A77F5498 /* pgm_Localizable_es.json in Resources */ = {isa = PBXBuildFile; fileRef = 46EA63B5341644DEBA95F54E /* pgm_Localizable_es.json */; };
		FE0EFD0F19CA4CB290D153A8 /* pgm_Localizable_ja.json in Resources */ = {isa = PBXBuildFile; fileRef = 5E586CB0963A40778A2F1D92 /* pgm_Localizable_ja.json */; };
		4BA8B40734434A769FA5CA66 /* pgm_Localizable_ru.json in Resources */ = {isa = PBXBuildFile; fileRef = F43B1E37F2C3475BB053D6A5 /* pgm_Localizable_ru.json */; };
		297E950B6C5248CC87F48BD7 /* pgm_Localizable_uk.json in Resources */ = {isa = PBXBuildFile; fileRef = 7EE74BE8A159473EA8414638 /* pgm_Localizable_uk.json */; };
		705A4395460F4B3E94CA5F45 /* pgm_Localizable_pt-BR.json in Resources */ = {isa = PBXBuildFile; fileRef = F4CB95DC53344C769DDBE03B /* pgm_Localizable_pt-BR.json */; };
		6EE3FDD99E0643C1B73C32AA /* pgm_Localizable_de.json in Resources */ = {isa = PBXBuildFile; fileRef = FCD7460B184D440E9F9FE329 /* pgm_Localizable_de.json */; };
		7FC18445E7964E6A89FD78AC /* pgm_Localizable_fr.json in Resources */ = {isa = PBXBuildFile; fileRef = 2708790FC8C94762B252D662 /* pgm_Localizable_fr.json */; };
		A3A0C6CC868B442ABEDD8977 /* pgm_Localizable_hi.json in Resources */ = {isa = PBXBuildFile; fileRef = 647FC6A239FB40649B0FDC46 /* pgm_Localizable_hi.json */; };
		93939A4258D742ABACAD760E /* pgm_Localizable_ar.json in Resources */ = {isa = PBXBuildFile; fileRef = 2094D81666C745CFB49869A3 /* pgm_Localizable_ar.json */; };
		7C6B87FAFA5D4A19BDE65591 /* pgm_Localizable_nl.json in Resources */ = {isa = PBXBuildFile; fileRef = 86D34F25003E4FBE83AAEBD6 /* pgm_Localizable_nl.json */; };
		16EBBCEC63E94B32A47E4052 /* pgm_Localizable_pl.json in Resources */ = {isa = PBXBuildFile; fileRef = B6C11A27759A42D09BE5F0A7 /* pgm_Localizable_pl.json */; };
		1F29C460AE8B4E73A1E26F78 /* pgm_Localizable_da.json in Resources */ = {isa = PBXBuildFile; fileRef = D60D38CA95C34951921E3D69 /* pgm_Localizable_da.json */; };
		08717169814A4E73B68177E7 /* pgm_Localizable_vi.json in Resources */ = {isa = PBXBuildFile; fileRef = 101F207AD4294B22B4ED9E78 /* pgm_Localizable_vi.json */; };
/* End PBXBuildFile section */

/* Begin PBXContainerItemProxy section */
		301BF534109A57CC0062928A /* PBXContainerItemProxy */ = {
			isa = PBXContainerItemProxy;
			containerPortal = 301BF52D109A57CC0062928A /* CordovaLib.xcodeproj */;
			proxyType = 2;
			remoteGlobalIDString = D2AAC07E0554694100DB518D;
			remoteInfo = CordovaLib;
		};
		301BF550109A68C00062928A /* PBXContainerItemProxy */ = {
			isa = PBXContainerItemProxy;
			containerPortal = 301BF52D109A57CC0062928A /* CordovaLib.xcodeproj */;
			proxyType = 1;
			remoteGlobalIDString = D2AAC07D0554694100DB518D;
			remoteInfo = CordovaLib;
		};
		907D8123214C687600058A10 /* PBXContainerItemProxy */ = {
			isa = PBXContainerItemProxy;
			containerPortal = 301BF52D109A57CC0062928A /* CordovaLib.xcodeproj */;
			proxyType = 2;
			remoteGlobalIDString = C0C01EB21E3911D50056E6CB;
			remoteInfo = Cordova;
		};
/* End PBXContainerItemProxy section */

/* Begin PBXFileReference section */
		0207DA571B56EA530066E2B4 /* Images.xcassets */ = {isa = PBXFileReference; lastKnownFileType = folder.assetcatalog; name = Images.xcassets; path = Promoshop/Images.xcassets; sourceTree = SOURCE_ROOT; };
		112613AF5863BB895FF33F62 /* Pods-Promoshop.release.xcconfig */ = {isa = PBXFileReference; includeInIndex = 1; lastKnownFileType = text.xcconfig; name = "Pods-Promoshop.release.xcconfig"; path = "Target Support Files/Pods-Promoshop/Pods-Promoshop.release.xcconfig"; sourceTree = "<group>"; };
		185AE29E671C4FD4B7E3D05E /* CDVViewController+SplashScreen.m */ = {isa = PBXFileReference; explicitFileType = undefined; fileEncoding = 4; includeInIndex = 0; lastKnownFileType = sourcecode.c.objc; name = "CDVViewController+SplashScreen.m"; path = "cordova-plugin-splashscreen/CDVViewController+SplashScreen.m"; sourceTree = "<group>"; };
		1BD478D6C1794B639E6979D6 /* FCMNotificationCenterDelegate.m */ = {isa = PBXFileReference; explicitFileType = undefined; fileEncoding = 4; includeInIndex = 0; lastKnownFileType = sourcecode.c.objc; name = FCMNotificationCenterDelegate.m; path = "cordova-plugin-fcm-with-dependecy-updated/FCMNotificationCenterDelegate.m"; sourceTree = "<group>"; };
		1D3623240D0F684500981E51 /* AppDelegate.h */ = {isa = PBXFileReference; fileEncoding = 4; lastKnownFileType = sourcecode.c.h; path = AppDelegate.h; sourceTree = "<group>"; };
		1D3623250D0F684500981E51 /* AppDelegate.m */ = {isa = PBXFileReference; fileEncoding = 4; lastKnownFileType = sourcecode.c.objc; path = AppDelegate.m; sourceTree = "<group>"; };
		1D6058910D05DD3D006BFB54 /* Promoshop.app */ = {isa = PBXFileReference; explicitFileType = wrapper.application; includeInIndex = 0; path = Promoshop.app; sourceTree = BUILT_PRODUCTS_DIR; };
		1FF2E22910A04325B25390C7 /* FCMPlugin.m */ = {isa = PBXFileReference; explicitFileType = undefined; fileEncoding = 4; includeInIndex = 0; lastKnownFileType = sourcecode.c.objc; name = FCMPlugin.m; path = "cordova-plugin-fcm-with-dependecy-updated/FCMPlugin.m"; sourceTree = "<group>"; };
		216C9387B63C4FDF81D64D00 /* OneSignalPush.m */ = {isa = PBXFileReference; explicitFileType = undefined; fileEncoding = 4; includeInIndex = 0; lastKnownFileType = sourcecode.c.objc; name = OneSignalPush.m; path = "onesignal-cordova-plugin/OneSignalPush.m"; sourceTree = "<group>"; };
		246111655F0F4A7E81ECAC21 /* IONAssetHandler.h */ = {isa = PBXFileReference; explicitFileType = undefined; fileEncoding = 4; includeInIndex = 0; lastKnownFileType = sourcecode.c.h; name = IONAssetHandler.h; path = "cordova-plugin-ionic-webview/IONAssetHandler.h"; sourceTree = "<group>"; };
		270E2B774F044F2B89AFDEA7 /* libPods-Promoshop.a */ = {isa = PBXFileReference; explicitFileType = archive.ar; includeInIndex = 0; path = "libPods-Promoshop.a"; sourceTree = BUILT_PRODUCTS_DIR; };
		29B97316FDCFA39411CA2CEA /* main.m */ = {isa = PBXFileReference; fileEncoding = 4; lastKnownFileType = sourcecode.c.objc; path = main.m; sourceTree = "<group>"; };
		2B04864E6B0C415A8AF516A2 /* CDVIonicKeyboard.m */ = {isa = PBXFileReference; explicitFileType = undefined; fileEncoding = 4; includeInIndex = 0; lastKnownFileType = sourcecode.c.objc; name = CDVIonicKeyboard.m; path = "cordova-plugin-ionic-keyboard/CDVIonicKeyboard.m"; sourceTree = "<group>"; };
		2D0128DE1A84445D9EDDE4F5 /* sqlite3.h */ = {isa = PBXFileReference; explicitFileType = undefined; fileEncoding = 4; includeInIndex = 0; lastKnownFileType = sourcecode.c.h; name = sqlite3.h; path = "cordova-sqlite-storage/sqlite3.h"; sourceTree = "<group>"; };
		2D5F548E223B4F1881C2123B /* FCMNotificationCenterDelegate.h */ = {isa = PBXFileReference; explicitFileType = undefined; fileEncoding = 4; includeInIndex = 0; lastKnownFileType = sourcecode.c.h; name = FCMNotificationCenterDelegate.h; path = "cordova-plugin-fcm-with-dependecy-updated/FCMNotificationCenterDelegate.h"; sourceTree = "<group>"; };
		301BF52D109A57CC0062928A /* CordovaLib.xcodeproj */ = {isa = PBXFileReference; lastKnownFileType = "wrapper.pb-project"; name = CordovaLib.xcodeproj; path = CordovaLib/CordovaLib.xcodeproj; sourceTree = "<group>"; };
		301BF56E109A69640062928A /* www */ = {isa = PBXFileReference; lastKnownFileType = folder; path = www; sourceTree = SOURCE_ROOT; };
		302D95EE14D2391D003F00A1 /* MainViewController.h */ = {isa = PBXFileReference; fileEncoding = 4; lastKnownFileType = sourcecode.c.h; path = MainViewController.h; sourceTree = "<group>"; };
		302D95EF14D2391D003F00A1 /* MainViewController.m */ = {isa = PBXFileReference; fileEncoding = 4; lastKnownFileType = sourcecode.c.objc; path = MainViewController.m; sourceTree = "<group>"; };
		302D95F014D2391D003F00A1 /* MainViewController.xib */ = {isa = PBXFileReference; fileEncoding = 4; lastKnownFileType = file.xib; path = MainViewController.xib; sourceTree = "<group>"; };
		3047A50F1AB8059700498E2A /* build-debug.xcconfig */ = {isa = PBXFileReference; fileEncoding = 4; lastKnownFileType = text.xcconfig; name = "build-debug.xcconfig"; path = "cordova/build-debug.xcconfig"; sourceTree = SOURCE_ROOT; };
		3047A5101AB8059700498E2A /* build-release.xcconfig */ = {isa = PBXFileReference; fileEncoding = 4; lastKnownFileType = text.xcconfig; name = "build-release.xcconfig"; path = "cordova/build-release.xcconfig"; sourceTree = SOURCE_ROOT; };
		3047A5111AB8059700498E2A /* build.xcconfig */ = {isa = PBXFileReference; fileEncoding = 4; lastKnownFileType = text.xcconfig; name = build.xcconfig; path = cordova/build.xcconfig; sourceTree = SOURCE_ROOT; };
		32CA4F630368D1EE00C91783 /* Promoshop-Prefix.pch */ = {isa = PBXFileReference; fileEncoding = 4; lastKnownFileType = sourcecode.c.h; path = "Promoshop-Prefix.pch"; sourceTree = "<group>"; };
		3A7C26CA50704E048648C95B /* sqlite3.c */ = {isa = PBXFileReference; explicitFileType = undefined; fileEncoding = 9; includeInIndex = 0; lastKnownFileType = unknown; name = sqlite3.c; path = "cordova-sqlite-storage/sqlite3.c"; sourceTree = "<group>"; };
		4EF514EAEE5943A3BF4CFCAC /* SystemConfiguration.framework */ = {isa = PBXFileReference; explicitFileType = undefined; fileEncoding = 9; includeInIndex = 0; lastKnownFileType = wrapper.framework; name = SystemConfiguration.framework; path = System/Library/Frameworks/SystemConfiguration.framework; sourceTree = SDKROOT; };
		50589080090B49C5AAC033E2 /* CDVSplashScreen.m */ = {isa = PBXFileReference; explicitFileType = undefined; fileEncoding = 4; includeInIndex = 0; lastKnownFileType = sourcecode.c.objc; name = CDVSplashScreen.m; path = "cordova-plugin-splashscreen/CDVSplashScreen.m"; sourceTree = "<group>"; };
		5D4F8EDEFBFA4C0CB3406424 /* CustomPSPDFThreadSafeMutableDictionary.m */ = {isa = PBXFileReference; explicitFileType = undefined; fileEncoding = 4; includeInIndex = 0; lastKnownFileType = sourcecode.c.objc; name = CustomPSPDFThreadSafeMutableDictionary.m; path = "cordova-sqlite-storage/CustomPSPDFThreadSafeMutableDictionary.m"; sourceTree = "<group>"; };
		6442AAD89A574DD982BE407E /* OneSignalPush.h */ = {isa = PBXFileReference; explicitFileType = undefined; fileEncoding = 4; includeInIndex = 0; lastKnownFileType = sourcecode.c.h; name = OneSignalPush.h; path = "onesignal-cordova-plugin/OneSignalPush.h"; sourceTree = "<group>"; };
		6AFF5BF81D6E424B00AB3073 /* CDVLaunchScreen.storyboard */ = {isa = PBXFileReference; fileEncoding = 4; lastKnownFileType = file.storyboard; name = CDVLaunchScreen.storyboard; path = Promoshop/CDVLaunchScreen.storyboard; sourceTree = SOURCE_ROOT; };
		6D29D74AE0584C30A7AED77C /* CDVIonicKeyboard.h */ = {isa = PBXFileReference; explicitFileType = undefined; fileEncoding = 4; includeInIndex = 0; lastKnownFileType = sourcecode.c.h; name = CDVIonicKeyboard.h; path = "cordova-plugin-ionic-keyboard/CDVIonicKeyboard.h"; sourceTree = "<group>"; };
		8449843419FA48A2A8029B7D /* FCMPluginIOS9Support.m */ = {isa = PBXFileReference; explicitFileType = undefined; fileEncoding = 4; includeInIndex = 0; lastKnownFileType = sourcecode.c.objc; name = FCMPluginIOS9Support.m; path = "cordova-plugin-fcm-with-dependecy-updated/FCMPluginIOS9Support.m"; sourceTree = "<group>"; };
		8D1107310486CEB800E47090 /* Promoshop-Info.plist */ = {isa = PBXFileReference; fileEncoding = 4; lastKnownFileType = text.plist.xml; name = "Promoshop-Info.plist"; path = "Promoshop/Promoshop-Info.plist"; plistStructureDefinitionIdentifier = "com.apple.xcode.plist.structure-definition.iphone.info-plist"; sourceTree = SOURCE_ROOT; };
		948ECACB6F6344C895416B71 /* CDVWKWebViewEngine.m */ = {isa = PBXFileReference; explicitFileType = undefined; fileEncoding = 4; includeInIndex = 0; lastKnownFileType = sourcecode.c.objc; name = CDVWKWebViewEngine.m; path = "cordova-plugin-ionic-webview/CDVWKWebViewEngine.m"; sourceTree = "<group>"; };
		95882BE8BA9C4FD6B0053C00 /* CDVDevice.m */ = {isa = PBXFileReference; explicitFileType = undefined; fileEncoding = 4; includeInIndex = 0; lastKnownFileType = sourcecode.c.objc; name = CDVDevice.m; path = "cordova-plugin-device/CDVDevice.m"; sourceTree = "<group>"; };
		9E00179541864C3C875AE1C1 /* CDVViewController+SplashScreen.h */ = {isa = PBXFileReference; explicitFileType = undefined; fileEncoding = 4; includeInIndex = 0; lastKnownFileType = sourcecode.c.h; name = "CDVViewController+SplashScreen.h"; path = "cordova-plugin-splashscreen/CDVViewController+SplashScreen.h"; sourceTree = "<group>"; };
		A43AF03358754B00BDCF1ACE /* CDVWKWebViewUIDelegate.h */ = {isa = PBXFileReference; explicitFileType = undefined; fileEncoding = 4; includeInIndex = 0; lastKnownFileType = sourcecode.c.h; name = CDVWKWebViewUIDelegate.h; path = "cordova-plugin-ionic-webview/CDVWKWebViewUIDelegate.h"; sourceTree = "<group>"; };
		A5AD71A52A654C6AAFD88193 /* CDVWKProcessPoolFactory.m */ = {isa = PBXFileReference; explicitFileType = undefined; fileEncoding = 4; includeInIndex = 0; lastKnownFileType = sourcecode.c.objc; name = CDVWKProcessPoolFactory.m; path = "cordova-plugin-ionic-webview/CDVWKProcessPoolFactory.m"; sourceTree = "<group>"; };
		A801191DB8ED4A169E367C2C /* CDVWKWebViewEngine.h */ = {isa = PBXFileReference; explicitFileType = undefined; fileEncoding = 4; includeInIndex = 0; lastKnownFileType = sourcecode.c.h; name = CDVWKWebViewEngine.h; path = "cordova-plugin-ionic-webview/CDVWKWebViewEngine.h"; sourceTree = "<group>"; };
		C6EA28FA257741EEA0A6A25C /* CDVWKWebViewUIDelegate.m */ = {isa = PBXFileReference; explicitFileType = undefined; fileEncoding = 4; includeInIndex = 0; lastKnownFileType = sourcecode.c.objc; name = CDVWKWebViewUIDelegate.m; path = "cordova-plugin-ionic-webview/CDVWKWebViewUIDelegate.m"; sourceTree = "<group>"; };
		CA391D17FBAF4AD18E297656 /* CDVSplashScreen.h */ = {isa = PBXFileReference; explicitFileType = undefined; fileEncoding = 4; includeInIndex = 0; lastKnownFileType = sourcecode.c.h; name = CDVSplashScreen.h; path = "cordova-plugin-splashscreen/CDVSplashScreen.h"; sourceTree = "<group>"; };
		CC0BD562D595488D9A441145 /* FCMPlugin.h */ = {isa = PBXFileReference; explicitFileType = undefined; fileEncoding = 4; includeInIndex = 0; lastKnownFileType = sourcecode.c.h; name = FCMPlugin.h; path = "cordova-plugin-fcm-with-dependecy-updated/FCMPlugin.h"; sourceTree = "<group>"; };
		CD2DD464D0A84F2EB6C2E15B /* AppDelegate+FCMPlugin.h */ = {isa = PBXFileReference; explicitFileType = undefined; fileEncoding = 4; includeInIndex = 0; lastKnownFileType = sourcecode.c.h; name = "AppDelegate+FCMPlugin.h"; path = "cordova-plugin-fcm-with-dependecy-updated/AppDelegate+FCMPlugin.h"; sourceTree = "<group>"; };
		CD7477E5DECE434B8757803D /* GoogleService-Info.plist */ = {isa = PBXFileReference; explicitFileType = undefined; fileEncoding = 4; includeInIndex = 0; lastKnownFileType = text.plist.xml; name = "GoogleService-Info.plist"; path = "Resources/GoogleService-Info.plist"; sourceTree = "<group>"; };
		CF2ABA18564E4E6D9B3484E0 /* WebKit.framework */ = {isa = PBXFileReference; explicitFileType = undefined; fileEncoding = 9; includeInIndex = 0; lastKnownFileType = wrapper.framework; name = WebKit.framework; path = System/Library/Frameworks/WebKit.framework; sourceTree = SDKROOT; };
		D76498E9C652400DB1562A5A /* IONAssetHandler.m */ = {isa = PBXFileReference; explicitFileType = undefined; fileEncoding = 4; includeInIndex = 0; lastKnownFileType = sourcecode.c.objc; name = IONAssetHandler.m; path = "cordova-plugin-ionic-webview/IONAssetHandler.m"; sourceTree = "<group>"; };
		D971FCFF7EAB43F696C04BD2 /* FirebaseAuthenticationPlugin.m */ = {isa = PBXFileReference; explicitFileType = undefined; fileEncoding = 4; includeInIndex = 0; lastKnownFileType = sourcecode.c.objc; name = FirebaseAuthenticationPlugin.m; path = "cordova-plugin-firebase-authentication/FirebaseAuthenticationPlugin.m"; sourceTree = "<group>"; };
		D99B5598F71A4319993B1B9F /* CDVStatusBar.h */ = {isa = PBXFileReference; explicitFileType = undefined; fileEncoding = 4; includeInIndex = 0; lastKnownFileType = sourcecode.c.h; name = CDVStatusBar.h; path = "cordova-plugin-statusbar/CDVStatusBar.h"; sourceTree = "<group>"; };
		E93F0C1F9CAF4EB2A21B0CD6 /* CDVStatusBar.m */ = {isa = PBXFileReference; explicitFileType = undefined; fileEncoding = 4; includeInIndex = 0; lastKnownFileType = sourcecode.c.objc; name = CDVStatusBar.m; path = "cordova-plugin-statusbar/CDVStatusBar.m"; sourceTree = "<group>"; };
		EB87FDF31871DA8E0020F90C /* www */ = {isa = PBXFileReference; lastKnownFileType = folder; name = www; path = ../../www; sourceTree = "<group>"; };
		EB87FDF41871DAF40020F90C /* config.xml */ = {isa = PBXFileReference; lastKnownFileType = text.xml; name = config.xml; path = ../../config.xml; sourceTree = "<group>"; };
		ECAC6733A7784AE3B2DAFBD4 /* SQLitePlugin.h */ = {isa = PBXFileReference; explicitFileType = undefined; fileEncoding = 4; includeInIndex = 0; lastKnownFileType = sourcecode.c.h; name = SQLitePlugin.h; path = "cordova-sqlite-storage/SQLitePlugin.h"; sourceTree = "<group>"; };
		ED33DF2A687741AEAF9F8254 /* Bridging-Header.h */ = {isa = PBXFileReference; fileEncoding = 4; lastKnownFileType = sourcecode.c.h; path = "Bridging-Header.h"; sourceTree = "<group>"; };
		F01B6D7ECCCD494A91C2C8E7 /* FCMPluginIOS9Support.h */ = {isa = PBXFileReference; explicitFileType = undefined; fileEncoding = 4; includeInIndex = 0; lastKnownFileType = sourcecode.c.h; name = FCMPluginIOS9Support.h; path = "cordova-plugin-fcm-with-dependecy-updated/FCMPluginIOS9Support.h"; sourceTree = "<group>"; };
		F1CBE8F841984B33A53B45AB /* CDVWKProcessPoolFactory.h */ = {isa = PBXFileReference; explicitFileType = undefined; fileEncoding = 4; includeInIndex = 0; lastKnownFileType = sourcecode.c.h; name = CDVWKProcessPoolFactory.h; path = "cordova-plugin-ionic-webview/CDVWKProcessPoolFactory.h"; sourceTree = "<group>"; };
		F46CCA07B8EF058C7A467208 /* Pods-Promoshop.debug.xcconfig */ = {isa = PBXFileReference; includeInIndex = 1; lastKnownFileType = text.xcconfig; name = "Pods-Promoshop.debug.xcconfig"; path = "Target Support Files/Pods-Promoshop/Pods-Promoshop.debug.xcconfig"; sourceTree = "<group>"; };
		F56FCFDBB4F54566A12DCA6A /* SQLitePlugin.m */ = {isa = PBXFileReference; explicitFileType = undefined; fileEncoding = 4; includeInIndex = 0; lastKnownFileType = sourcecode.c.objc; name = SQLitePlugin.m; path = "cordova-sqlite-storage/SQLitePlugin.m"; sourceTree = "<group>"; };
		F66E7B452AE449A5A240712C /* FirebaseAuthenticationPlugin.h */ = {isa = PBXFileReference; explicitFileType = undefined; fileEncoding = 4; includeInIndex = 0; lastKnownFileType = sourcecode.c.h; name = FirebaseAuthenticationPlugin.h; path = "cordova-plugin-firebase-authentication/FirebaseAuthenticationPlugin.h"; sourceTree = "<group>"; };
		F840E1F0165FE0F500CFE078 /* config.xml */ = {isa = PBXFileReference; lastKnownFileType = text.xml; name = config.xml; path = Promoshop/config.xml; sourceTree = "<group>"; };
		F97E474DD8DC4BA693F51D12 /* AppDelegate+FCMPlugin.m */ = {isa = PBXFileReference; explicitFileType = undefined; fileEncoding = 4; includeInIndex = 0; lastKnownFileType = sourcecode.c.objc; name = "AppDelegate+FCMPlugin.m"; path = "cordova-plugin-fcm-with-dependecy-updated/AppDelegate+FCMPlugin.m"; sourceTree = "<group>"; };
		F9A6C88D1AA545DEA390A490 /* CDVDevice.h */ = {isa = PBXFileReference; explicitFileType = undefined; fileEncoding = 4; includeInIndex = 0; lastKnownFileType = sourcecode.c.h; name = CDVDevice.h; path = "cordova-plugin-device/CDVDevice.h"; sourceTree = "<group>"; };
		6AB3F406B49E47569FF4734E /* GoogleMaps.bundle */ = {isa = PBXFileReference; name = "GoogleMaps.bundle"; path = "GoogleMaps.bundle"; sourceTree = "<group>"; fileEncoding = undefined; lastKnownFileType = wrapper.plug-in; explicitFileType = undefined; includeInIndex = 0; };
		23D164B7E20E4371AAC4252C /* Accelerate.framework */ = {isa = PBXFileReference; name = "Accelerate.framework"; path = "System/Library/Frameworks/Accelerate.framework"; sourceTree = SDKROOT; fileEncoding = undefined; lastKnownFileType = wrapper.framework; explicitFileType = undefined; includeInIndex = 0; };
		E33E7F3DEAFD46B0B17AB958 /* CoreData.framework */ = {isa = PBXFileReference; name = "CoreData.framework"; path = "System/Library/Frameworks/CoreData.framework"; sourceTree = SDKROOT; fileEncoding = undefined; lastKnownFileType = wrapper.framework; explicitFileType = undefined; includeInIndex = 0; };
		5F082BC0D7FB4D068DDC5550 /* CoreLocation.framework */ = {isa = PBXFileReference; name = "CoreLocation.framework"; path = "System/Library/Frameworks/CoreLocation.framework"; sourceTree = SDKROOT; fileEncoding = undefined; lastKnownFileType = wrapper.framework; explicitFileType = undefined; includeInIndex = 0; };
		F71F73EDFDC246B4A99AFD73 /* CoreTelephony.framework */ = {isa = PBXFileReference; name = "CoreTelephony.framework"; path = "System/Library/Frameworks/CoreTelephony.framework"; sourceTree = SDKROOT; fileEncoding = undefined; lastKnownFileType = wrapper.framework; explicitFileType = undefined; includeInIndex = 0; };
		DEA28CE7E202455693BE627A /* CoreText.framework */ = {isa = PBXFileReference; name = "CoreText.framework"; path = "System/Library/Frameworks/CoreText.framework"; sourceTree = SDKROOT; fileEncoding = undefined; lastKnownFileType = wrapper.framework; explicitFileType = undefined; includeInIndex = 0; };
		3734AB9BCF7B407B842DC01D /* CoreImage.framework */ = {isa = PBXFileReference; name = "CoreImage.framework"; path = "System/Library/Frameworks/CoreImage.framework"; sourceTree = SDKROOT; fileEncoding = undefined; lastKnownFileType = wrapper.framework; explicitFileType = undefined; includeInIndex = 0; };
		B18D6EE7EAA84B6B8D5FA4E9 /* GLKit.framework */ = {isa = PBXFileReference; name = "GLKit.framework"; path = "System/Library/Frameworks/GLKit.framework"; sourceTree = SDKROOT; fileEncoding = undefined; lastKnownFileType = wrapper.framework; explicitFileType = undefined; includeInIndex = 0; };
		39E6702DF6C24693826E4684 /* ImageIO.framework */ = {isa = PBXFileReference; name = "ImageIO.framework"; path = "System/Library/Frameworks/ImageIO.framework"; sourceTree = SDKROOT; fileEncoding = undefined; lastKnownFileType = wrapper.framework; explicitFileType = undefined; includeInIndex = 0; };
		E9E4036F766D4393A030F10E /* libc++.tbd */ = {isa = PBXFileReference; name = "libc++.tbd"; path = "usr/lib/libc++.tbd"; sourceTree = SDKROOT; fileEncoding = undefined; lastKnownFileType = sourcecode.text-based-dylib-definition; explicitFileType = undefined; includeInIndex = 0; };
		D85165AA9AC84F42844A16BE /* libz.tbd */ = {isa = PBXFileReference; name = "libz.tbd"; path = "usr/lib/libz.tbd"; sourceTree = SDKROOT; fileEncoding = undefined; lastKnownFileType = sourcecode.text-based-dylib-definition; explicitFileType = undefined; includeInIndex = 0; };
		0628D0FA65944E459E1ECD91 /* OpenGLES.framework */ = {isa = PBXFileReference; name = "OpenGLES.framework"; path = "System/Library/Frameworks/OpenGLES.framework"; sourceTree = SDKROOT; fileEncoding = undefined; lastKnownFileType = wrapper.framework; explicitFileType = undefined; includeInIndex = 0; };
		2A2C387990E94E518D1C4BA1 /* QuartzCore.framework */ = {isa = PBXFileReference; name = "QuartzCore.framework"; path = "System/Library/Frameworks/QuartzCore.framework"; sourceTree = SDKROOT; fileEncoding = undefined; lastKnownFileType = wrapper.framework; explicitFileType = undefined; includeInIndex = 0; };
		7BA7B6C321FC40008BA3F6A1 /* UIKit.framework */ = {isa = PBXFileReference; name = "UIKit.framework"; path = "System/Library/Frameworks/UIKit.framework"; sourceTree = SDKROOT; fileEncoding = undefined; lastKnownFileType = wrapper.framework; explicitFileType = undefined; includeInIndex = 0; };
		A02C89C6D6AD4B8ABBD6704B /* GoogleMapsBase.framework */ = {isa = PBXFileReference; name = "GoogleMapsBase.framework"; path = "Promoshop/Plugins/com.googlemaps.ios/GoogleMapsBase.framework"; sourceTree = "<group>"; fileEncoding = undefined; lastKnownFileType = wrapper.framework; explicitFileType = undefined; includeInIndex = 0; };
		A6B66F52D5494A9DB972C2BE /* GoogleMaps.framework */ = {isa = PBXFileReference; name = "GoogleMaps.framework"; path = "Promoshop/Plugins/com.googlemaps.ios/GoogleMaps.framework"; sourceTree = "<group>"; fileEncoding = undefined; lastKnownFileType = wrapper.framework; explicitFileType = undefined; includeInIndex = 0; };
		CE1E4C48991C4EEE8B092284 /* GoogleMapsCore.framework */ = {isa = PBXFileReference; name = "GoogleMapsCore.framework"; path = "Promoshop/Plugins/com.googlemaps.ios/GoogleMapsCore.framework"; sourceTree = "<group>"; fileEncoding = undefined; lastKnownFileType = wrapper.framework; explicitFileType = undefined; includeInIndex = 0; };
		8306693E829E40AD92C26EC1 /* PluginObjects.m */ = {isa = PBXFileReference; name = "PluginObjects.m"; path = "cordova-plugin-googlemaps/PluginObjects.m"; sourceTree = "<group>"; fileEncoding = 4; lastKnownFileType = sourcecode.c.objc; explicitFileType = undefined; includeInIndex = 0; };
		344DABD3708E4FAE99CA07D8 /* PluginCircle.m */ = {isa = PBXFileReference; name = "PluginCircle.m"; path = "cordova-plugin-googlemaps/PluginCircle.m"; sourceTree = "<group>"; fileEncoding = 4; lastKnownFileType = sourcecode.c.objc; explicitFileType = undefined; includeInIndex = 0; };
		9640B31F857546729D2D80F8 /* PluginGeocoder.m */ = {isa = PBXFileReference; name = "PluginGeocoder.m"; path = "cordova-plugin-googlemaps/PluginGeocoder.m"; sourceTree = "<group>"; fileEncoding = 4; lastKnownFileType = sourcecode.c.objc; explicitFileType = undefined; includeInIndex = 0; };
		852B7AF43E21479B9738430D /* PluginLocationService.m */ = {isa = PBXFileReference; name = "PluginLocationService.m"; path = "cordova-plugin-googlemaps/PluginLocationService.m"; sourceTree = "<group>"; fileEncoding = 4; lastKnownFileType = sourcecode.c.objc; explicitFileType = undefined; includeInIndex = 0; };
		8B823AA86DE6444A99DFBDAA /* PluginElevationService.m */ = {isa = PBXFileReference; name = "PluginElevationService.m"; path = "cordova-plugin-googlemaps/PluginElevationService.m"; sourceTree = "<group>"; fileEncoding = 4; lastKnownFileType = sourcecode.c.objc; explicitFileType = undefined; includeInIndex = 0; };
		FD8A7A869092416FB8BF11F9 /* PluginDirectionsService.m */ = {isa = PBXFileReference; name = "PluginDirectionsService.m"; path = "cordova-plugin-googlemaps/PluginDirectionsService.m"; sourceTree = "<group>"; fileEncoding = 4; lastKnownFileType = sourcecode.c.objc; explicitFileType = undefined; includeInIndex = 0; };
		736F8FC31D3B4A309E592F8E /* PluginEnvironment.m */ = {isa = PBXFileReference; name = "PluginEnvironment.m"; path = "cordova-plugin-googlemaps/PluginEnvironment.m"; sourceTree = "<group>"; fileEncoding = 4; lastKnownFileType = sourcecode.c.objc; explicitFileType = undefined; includeInIndex = 0; };
		41373AE26E4448CF960E2E36 /* CordovaGoogleMaps.m */ = {isa = PBXFileReference; name = "CordovaGoogleMaps.m"; path = "cordova-plugin-googlemaps/CordovaGoogleMaps.m"; sourceTree = "<group>"; fileEncoding = 4; lastKnownFileType = sourcecode.c.objc; explicitFileType = undefined; includeInIndex = 0; };
		6BF1EB74D72343F98BD92FF2 /* PluginMapViewController.m */ = {isa = PBXFileReference; name = "PluginMapViewController.m"; path = "cordova-plugin-googlemaps/PluginMapViewController.m"; sourceTree = "<group>"; fileEncoding = 4; lastKnownFileType = sourcecode.c.objc; explicitFileType = undefined; includeInIndex = 0; };
		81C9A916C0A345558683BEE1 /* PluginGroundOverlay.m */ = {isa = PBXFileReference; name = "PluginGroundOverlay.m"; path = "cordova-plugin-googlemaps/PluginGroundOverlay.m"; sourceTree = "<group>"; fileEncoding = 4; lastKnownFileType = sourcecode.c.objc; explicitFileType = undefined; includeInIndex = 0; };
		7D1A082C71634F3FA52F4E15 /* PluginKmlOverlay.m */ = {isa = PBXFileReference; name = "PluginKmlOverlay.m"; path = "cordova-plugin-googlemaps/PluginKmlOverlay.m"; sourceTree = "<group>"; fileEncoding = 4; lastKnownFileType = sourcecode.c.objc; explicitFileType = undefined; includeInIndex = 0; };
		4DD240DDA3E545948436E893 /* PluginMap.m */ = {isa = PBXFileReference; name = "PluginMap.m"; path = "cordova-plugin-googlemaps/PluginMap.m"; sourceTree = "<group>"; fileEncoding = 4; lastKnownFileType = sourcecode.c.objc; explicitFileType = undefined; includeInIndex = 0; };
		BFAD3737592843499ADE405F /* PluginMarker.m */ = {isa = PBXFileReference; name = "PluginMarker.m"; path = "cordova-plugin-googlemaps/PluginMarker.m"; sourceTree = "<group>"; fileEncoding = 4; lastKnownFileType = sourcecode.c.objc; explicitFileType = undefined; includeInIndex = 0; };
		06DE017573334DC4896205E4 /* PluginUtil.m */ = {isa = PBXFileReference; name = "PluginUtil.m"; path = "cordova-plugin-googlemaps/PluginUtil.m"; sourceTree = "<group>"; fileEncoding = 4; lastKnownFileType = sourcecode.c.objc; explicitFileType = undefined; includeInIndex = 0; };
		3583C579173E47D5A12D7B26 /* PluginPolygon.m */ = {isa = PBXFileReference; name = "PluginPolygon.m"; path = "cordova-plugin-googlemaps/PluginPolygon.m"; sourceTree = "<group>"; fileEncoding = 4; lastKnownFileType = sourcecode.c.objc; explicitFileType = undefined; includeInIndex = 0; };
		021B04AC496E4AA9B6950DDA /* PluginPolyline.m */ = {isa = PBXFileReference; name = "PluginPolyline.m"; path = "cordova-plugin-googlemaps/PluginPolyline.m"; sourceTree = "<group>"; fileEncoding = 4; lastKnownFileType = sourcecode.c.objc; explicitFileType = undefined; includeInIndex = 0; };
		FB1C8D2803834BC9B6940D0A /* PluginTileProvider.m */ = {isa = PBXFileReference; name = "PluginTileProvider.m"; path = "cordova-plugin-googlemaps/PluginTileProvider.m"; sourceTree = "<group>"; fileEncoding = 4; lastKnownFileType = sourcecode.c.objc; explicitFileType = undefined; includeInIndex = 0; };
		C90A9B60F5C54D0E9C7A1767 /* TBXML.m */ = {isa = PBXFileReference; name = "TBXML.m"; path = "cordova-plugin-googlemaps/TBXML.m"; sourceTree = "<group>"; fileEncoding = 4; lastKnownFileType = sourcecode.c.objc; explicitFileType = undefined; includeInIndex = 0; };
		1882F2E530D84BA78D5710AC /* PluginTileOverlay.m */ = {isa = PBXFileReference; name = "PluginTileOverlay.m"; path = "cordova-plugin-googlemaps/PluginTileOverlay.m"; sourceTree = "<group>"; fileEncoding = 4; lastKnownFileType = sourcecode.c.objc; explicitFileType = undefined; includeInIndex = 0; };
		8CDAC2C8D52E42369503A5F9 /* GMSCoordinateBounds+Geometry.m */ = {isa = PBXFileReference; name = "GMSCoordinateBounds+Geometry.m"; path = "cordova-plugin-googlemaps/GMSCoordinateBounds+Geometry.m"; sourceTree = "<group>"; fileEncoding = 4; lastKnownFileType = sourcecode.c.objc; explicitFileType = undefined; includeInIndex = 0; };
		0AD7670EEEB845C891A49177 /* MyPluginLayer.m */ = {isa = PBXFileReference; name = "MyPluginLayer.m"; path = "cordova-plugin-googlemaps/MyPluginLayer.m"; sourceTree = "<group>"; fileEncoding = 4; lastKnownFileType = sourcecode.c.objc; explicitFileType = undefined; includeInIndex = 0; };
		B264C899E11F40B7AAE27F3C /* MyPluginScrollView.m */ = {isa = PBXFileReference; name = "MyPluginScrollView.m"; path = "cordova-plugin-googlemaps/MyPluginScrollView.m"; sourceTree = "<group>"; fileEncoding = 4; lastKnownFileType = sourcecode.c.objc; explicitFileType = undefined; includeInIndex = 0; };
		31295C7827884A779882B5B7 /* PluginMarkerCluster.m */ = {isa = PBXFileReference; name = "PluginMarkerCluster.m"; path = "cordova-plugin-googlemaps/PluginMarkerCluster.m"; sourceTree = "<group>"; fileEncoding = 4; lastKnownFileType = sourcecode.c.objc; explicitFileType = undefined; includeInIndex = 0; };
		CBF84C9B1B8C458CA64EEF94 /* UIImageCache.m */ = {isa = PBXFileReference; name = "UIImageCache.m"; path = "cordova-plugin-googlemaps/UIImageCache.m"; sourceTree = "<group>"; fileEncoding = 4; lastKnownFileType = sourcecode.c.objc; explicitFileType = undefined; includeInIndex = 0; };
		E397C794AC02417EADB15697 /* PluginStreetViewPanorama.m */ = {isa = PBXFileReference; name = "PluginStreetViewPanorama.m"; path = "cordova-plugin-googlemaps/PluginStreetViewPanorama.m"; sourceTree = "<group>"; fileEncoding = 4; lastKnownFileType = sourcecode.c.objc; explicitFileType = undefined; includeInIndex = 0; };
		8FF562D6804F417993E11D00 /* PluginStreetViewPanoramaController.m */ = {isa = PBXFileReference; name = "PluginStreetViewPanoramaController.m"; path = "cordova-plugin-googlemaps/PluginStreetViewPanoramaController.m"; sourceTree = "<group>"; fileEncoding = 4; lastKnownFileType = sourcecode.c.objc; explicitFileType = undefined; includeInIndex = 0; };
		0DEA303D47664082BF4E07F2 /* PluginViewController.m */ = {isa = PBXFileReference; name = "PluginViewController.m"; path = "cordova-plugin-googlemaps/PluginViewController.m"; sourceTree = "<group>"; fileEncoding = 4; lastKnownFileType = sourcecode.c.objc; explicitFileType = undefined; includeInIndex = 0; };
		65D491658F3B49B6866BE9C9 /* PluginObjects.h */ = {isa = PBXFileReference; name = "PluginObjects.h"; path = "cordova-plugin-googlemaps/PluginObjects.h"; sourceTree = "<group>"; fileEncoding = 4; lastKnownFileType = sourcecode.c.h; explicitFileType = undefined; includeInIndex = 0; };
		6483FCDF40314BEE8C8F09D9 /* PluginCircle.h */ = {isa = PBXFileReference; name = "PluginCircle.h"; path = "cordova-plugin-googlemaps/PluginCircle.h"; sourceTree = "<group>"; fileEncoding = 4; lastKnownFileType = sourcecode.c.h; explicitFileType = undefined; includeInIndex = 0; };
		2B551238DAAE455582CC2DE1 /* PluginGeocoder.h */ = {isa = PBXFileReference; name = "PluginGeocoder.h"; path = "cordova-plugin-googlemaps/PluginGeocoder.h"; sourceTree = "<group>"; fileEncoding = 4; lastKnownFileType = sourcecode.c.h; explicitFileType = undefined; includeInIndex = 0; };
		0005D613371C44C592991DD4 /* PluginLocationService.h */ = {isa = PBXFileReference; name = "PluginLocationService.h"; path = "cordova-plugin-googlemaps/PluginLocationService.h"; sourceTree = "<group>"; fileEncoding = 4; lastKnownFileType = sourcecode.c.h; explicitFileType = undefined; includeInIndex = 0; };
		166944E57BA040AB80B048AC /* PluginElevationService.h */ = {isa = PBXFileReference; name = "PluginElevationService.h"; path = "cordova-plugin-googlemaps/PluginElevationService.h"; sourceTree = "<group>"; fileEncoding = 4; lastKnownFileType = sourcecode.c.h; explicitFileType = undefined; includeInIndex = 0; };
		E01CE75FE603404392CABFC2 /* PluginDirectionsService.h */ = {isa = PBXFileReference; name = "PluginDirectionsService.h"; path = "cordova-plugin-googlemaps/PluginDirectionsService.h"; sourceTree = "<group>"; fileEncoding = 4; lastKnownFileType = sourcecode.c.h; explicitFileType = undefined; includeInIndex = 0; };
		18A3657F0520450B975071D4 /* PluginEnvironment.h */ = {isa = PBXFileReference; name = "PluginEnvironment.h"; path = "cordova-plugin-googlemaps/PluginEnvironment.h"; sourceTree = "<group>"; fileEncoding = 4; lastKnownFileType = sourcecode.c.h; explicitFileType = undefined; includeInIndex = 0; };
		054F5D30278B4C9EAB7BECB9 /* CordovaGoogleMaps.h */ = {isa = PBXFileReference; name = "CordovaGoogleMaps.h"; path = "cordova-plugin-googlemaps/CordovaGoogleMaps.h"; sourceTree = "<group>"; fileEncoding = 4; lastKnownFileType = sourcecode.c.h; explicitFileType = undefined; includeInIndex = 0; };
		96CD08565E5B42C2AC004FDF /* PluginMapViewController.h */ = {isa = PBXFileReference; name = "PluginMapViewController.h"; path = "cordova-plugin-googlemaps/PluginMapViewController.h"; sourceTree = "<group>"; fileEncoding = 4; lastKnownFileType = sourcecode.c.h; explicitFileType = undefined; includeInIndex = 0; };
		262AE56EB6A847ABA79DC88C /* PluginGroundOverlay.h */ = {isa = PBXFileReference; name = "PluginGroundOverlay.h"; path = "cordova-plugin-googlemaps/PluginGroundOverlay.h"; sourceTree = "<group>"; fileEncoding = 4; lastKnownFileType = sourcecode.c.h; explicitFileType = undefined; includeInIndex = 0; };
		1723C55FA0BF4020A6A2E28D /* PluginKmlOverlay.h */ = {isa = PBXFileReference; name = "PluginKmlOverlay.h"; path = "cordova-plugin-googlemaps/PluginKmlOverlay.h"; sourceTree = "<group>"; fileEncoding = 4; lastKnownFileType = sourcecode.c.h; explicitFileType = undefined; includeInIndex = 0; };
		8BB65A50F3DB4C599D5AAB77 /* PluginMap.h */ = {isa = PBXFileReference; name = "PluginMap.h"; path = "cordova-plugin-googlemaps/PluginMap.h"; sourceTree = "<group>"; fileEncoding = 4; lastKnownFileType = sourcecode.c.h; explicitFileType = undefined; includeInIndex = 0; };
		80E77CBCDE3449D5B18459F2 /* PluginMarker.h */ = {isa = PBXFileReference; name = "PluginMarker.h"; path = "cordova-plugin-googlemaps/PluginMarker.h"; sourceTree = "<group>"; fileEncoding = 4; lastKnownFileType = sourcecode.c.h; explicitFileType = undefined; includeInIndex = 0; };
		C749D79B038C4B4B99682046 /* PluginUtil.h */ = {isa = PBXFileReference; name = "PluginUtil.h"; path = "cordova-plugin-googlemaps/PluginUtil.h"; sourceTree = "<group>"; fileEncoding = 4; lastKnownFileType = sourcecode.c.h; explicitFileType = undefined; includeInIndex = 0; };
		201F0B8BDB144054B5DB543D /* PluginPolygon.h */ = {isa = PBXFileReference; name = "PluginPolygon.h"; path = "cordova-plugin-googlemaps/PluginPolygon.h"; sourceTree = "<group>"; fileEncoding = 4; lastKnownFileType = sourcecode.c.h; explicitFileType = undefined; includeInIndex = 0; };
		BAB55BB9F5354A5CBDB52BBB /* PluginPolyline.h */ = {isa = PBXFileReference; name = "PluginPolyline.h"; path = "cordova-plugin-googlemaps/PluginPolyline.h"; sourceTree = "<group>"; fileEncoding = 4; lastKnownFileType = sourcecode.c.h; explicitFileType = undefined; includeInIndex = 0; };
		3F3E964F414345F4842A33DC /* PluginTileProvider.h */ = {isa = PBXFileReference; name = "PluginTileProvider.h"; path = "cordova-plugin-googlemaps/PluginTileProvider.h"; sourceTree = "<group>"; fileEncoding = 4; lastKnownFileType = sourcecode.c.h; explicitFileType = undefined; includeInIndex = 0; };
		E7E1155F909D40AC866AA684 /* TBXML.h */ = {isa = PBXFileReference; name = "TBXML.h"; path = "cordova-plugin-googlemaps/TBXML.h"; sourceTree = "<group>"; fileEncoding = 4; lastKnownFileType = sourcecode.c.h; explicitFileType = undefined; includeInIndex = 0; };
		997E18974D684B778E1CEEC6 /* PluginTileOverlay.h */ = {isa = PBXFileReference; name = "PluginTileOverlay.h"; path = "cordova-plugin-googlemaps/PluginTileOverlay.h"; sourceTree = "<group>"; fileEncoding = 4; lastKnownFileType = sourcecode.c.h; explicitFileType = undefined; includeInIndex = 0; };
		564CEB539769492B8ABFD2B8 /* GMSCoordinateBounds+Geometry.h */ = {isa = PBXFileReference; name = "GMSCoordinateBounds+Geometry.h"; path = "cordova-plugin-googlemaps/GMSCoordinateBounds+Geometry.h"; sourceTree = "<group>"; fileEncoding = 4; lastKnownFileType = sourcecode.c.h; explicitFileType = undefined; includeInIndex = 0; };
		D58B57B5C29041BC8CEDB8DB /* MyPluginLayer.h */ = {isa = PBXFileReference; name = "MyPluginLayer.h"; path = "cordova-plugin-googlemaps/MyPluginLayer.h"; sourceTree = "<group>"; fileEncoding = 4; lastKnownFileType = sourcecode.c.h; explicitFileType = undefined; includeInIndex = 0; };
		DA381D76AFCC4C629304BB32 /* MyPluginScrollView.h */ = {isa = PBXFileReference; name = "MyPluginScrollView.h"; path = "cordova-plugin-googlemaps/MyPluginScrollView.h"; sourceTree = "<group>"; fileEncoding = 4; lastKnownFileType = sourcecode.c.h; explicitFileType = undefined; includeInIndex = 0; };
		111B3D2897A640E282EF0661 /* PluginMarkerCluster.h */ = {isa = PBXFileReference; name = "PluginMarkerCluster.h"; path = "cordova-plugin-googlemaps/PluginMarkerCluster.h"; sourceTree = "<group>"; fileEncoding = 4; lastKnownFileType = sourcecode.c.h; explicitFileType = undefined; includeInIndex = 0; };
		258692540BBE4EB0A8C221F8 /* UIImageCache.h */ = {isa = PBXFileReference; name = "UIImageCache.h"; path = "cordova-plugin-googlemaps/UIImageCache.h"; sourceTree = "<group>"; fileEncoding = 4; lastKnownFileType = sourcecode.c.h; explicitFileType = undefined; includeInIndex = 0; };
		3E16EFB289084A92A037DE6F /* PluginStreetViewPanorama.h */ = {isa = PBXFileReference; name = "PluginStreetViewPanorama.h"; path = "cordova-plugin-googlemaps/PluginStreetViewPanorama.h"; sourceTree = "<group>"; fileEncoding = 4; lastKnownFileType = sourcecode.c.h; explicitFileType = undefined; includeInIndex = 0; };
		280BAAD5BB984F7F9F5AF488 /* PluginStreetViewPanoramaController.h */ = {isa = PBXFileReference; name = "PluginStreetViewPanoramaController.h"; path = "cordova-plugin-googlemaps/PluginStreetViewPanoramaController.h"; sourceTree = "<group>"; fileEncoding = 4; lastKnownFileType = sourcecode.c.h; explicitFileType = undefined; includeInIndex = 0; };
		8914776722364176BD4F67BB /* PluginViewController.h */ = {isa = PBXFileReference; name = "PluginViewController.h"; path = "cordova-plugin-googlemaps/PluginViewController.h"; sourceTree = "<group>"; fileEncoding = 4; lastKnownFileType = sourcecode.c.h; explicitFileType = undefined; includeInIndex = 0; };
		837ED236DE524F0F97C45332 /* IPluginView.h */ = {isa = PBXFileReference; name = "IPluginView.h"; path = "cordova-plugin-googlemaps/IPluginView.h"; sourceTree = "<group>"; fileEncoding = 4; lastKnownFileType = sourcecode.c.h; explicitFileType = undefined; includeInIndex = 0; };
		BE19C6E1ED3140C4BA5F9858 /* IPluginProtocol.h */ = {isa = PBXFileReference; name = "IPluginProtocol.h"; path = "cordova-plugin-googlemaps/IPluginProtocol.h"; sourceTree = "<group>"; fileEncoding = 4; lastKnownFileType = sourcecode.c.h; explicitFileType = undefined; includeInIndex = 0; };
		CF45C8330848487A9A6258F9 /* pgm_Localizable_en.json */ = {isa = PBXFileReference; name = "pgm_Localizable_en.json"; path = "pgm_Localizable_en.json"; sourceTree = "<group>"; fileEncoding = undefined; lastKnownFileType = unknown; explicitFileType = undefined; includeInIndex = 0; };
		46EA63B5341644DEBA95F54E /* pgm_Localizable_es.json */ = {isa = PBXFileReference; name = "pgm_Localizable_es.json"; path = "pgm_Localizable_es.json"; sourceTree = "<group>"; fileEncoding = undefined; lastKnownFileType = unknown; explicitFileType = undefined; includeInIndex = 0; };
		5E586CB0963A40778A2F1D92 /* pgm_Localizable_ja.json */ = {isa = PBXFileReference; name = "pgm_Localizable_ja.json"; path = "pgm_Localizable_ja.json"; sourceTree = "<group>"; fileEncoding = undefined; lastKnownFileType = unknown; explicitFileType = undefined; includeInIndex = 0; };
		F43B1E37F2C3475BB053D6A5 /* pgm_Localizable_ru.json */ = {isa = PBXFileReference; name = "pgm_Localizable_ru.json"; path = "pgm_Localizable_ru.json"; sourceTree = "<group>"; fileEncoding = undefined; lastKnownFileType = unknown; explicitFileType = undefined; includeInIndex = 0; };
		7EE74BE8A159473EA8414638 /* pgm_Localizable_uk.json */ = {isa = PBXFileReference; name = "pgm_Localizable_uk.json"; path = "pgm_Localizable_uk.json"; sourceTree = "<group>"; fileEncoding = undefined; lastKnownFileType = unknown; explicitFileType = undefined; includeInIndex = 0; };
		F4CB95DC53344C769DDBE03B /* pgm_Localizable_pt-BR.json */ = {isa = PBXFileReference; name = "pgm_Localizable_pt-BR.json"; path = "pgm_Localizable_pt-BR.json"; sourceTree = "<group>"; fileEncoding = undefined; lastKnownFileType = unknown; explicitFileType = undefined; includeInIndex = 0; };
		FCD7460B184D440E9F9FE329 /* pgm_Localizable_de.json */ = {isa = PBXFileReference; name = "pgm_Localizable_de.json"; path = "pgm_Localizable_de.json"; sourceTree = "<group>"; fileEncoding = undefined; lastKnownFileType = unknown; explicitFileType = undefined; includeInIndex = 0; };
		2708790FC8C94762B252D662 /* pgm_Localizable_fr.json */ = {isa = PBXFileReference; name = "pgm_Localizable_fr.json"; path = "pgm_Localizable_fr.json"; sourceTree = "<group>"; fileEncoding = undefined; lastKnownFileType = unknown; explicitFileType = undefined; includeInIndex = 0; };
		647FC6A239FB40649B0FDC46 /* pgm_Localizable_hi.json */ = {isa = PBXFileReference; name = "pgm_Localizable_hi.json"; path = "pgm_Localizable_hi.json"; sourceTree = "<group>"; fileEncoding = undefined; lastKnownFileType = unknown; explicitFileType = undefined; includeInIndex = 0; };
		2094D81666C745CFB49869A3 /* pgm_Localizable_ar.json */ = {isa = PBXFileReference; name = "pgm_Localizable_ar.json"; path = "pgm_Localizable_ar.json"; sourceTree = "<group>"; fileEncoding = undefined; lastKnownFileType = unknown; explicitFileType = undefined; includeInIndex = 0; };
		86D34F25003E4FBE83AAEBD6 /* pgm_Localizable_nl.json */ = {isa = PBXFileReference; name = "pgm_Localizable_nl.json"; path = "pgm_Localizable_nl.json"; sourceTree = "<group>"; fileEncoding = undefined; lastKnownFileType = unknown; explicitFileType = undefined; includeInIndex = 0; };
		B6C11A27759A42D09BE5F0A7 /* pgm_Localizable_pl.json */ = {isa = PBXFileReference; name = "pgm_Localizable_pl.json"; path = "pgm_Localizable_pl.json"; sourceTree = "<group>"; fileEncoding = undefined; lastKnownFileType = unknown; explicitFileType = undefined; includeInIndex = 0; };
		D60D38CA95C34951921E3D69 /* pgm_Localizable_da.json */ = {isa = PBXFileReference; name = "pgm_Localizable_da.json"; path = "pgm_Localizable_da.json"; sourceTree = "<group>"; fileEncoding = undefined; lastKnownFileType = unknown; explicitFileType = undefined; includeInIndex = 0; };
		101F207AD4294B22B4ED9E78 /* pgm_Localizable_vi.json */ = {isa = PBXFileReference; name = "pgm_Localizable_vi.json"; path = "pgm_Localizable_vi.json"; sourceTree = "<group>"; fileEncoding = undefined; lastKnownFileType = unknown; explicitFileType = undefined; includeInIndex = 0; };
/* End PBXFileReference section */

/* Begin PBXFrameworksBuildPhase section */
		1D60588F0D05DD3D006BFB54 /* Frameworks */ = {
			isa = PBXFrameworksBuildPhase;
			buildActionMask = 2147483647;
			files = (
				301BF552109A68D80062928A /* libCordova.a in Frameworks */,
				E2DFE28F32395C8A8A303ED9 /* libPods-Promoshop.a in Frameworks */,
				AB3492B9358B41CDA381520D /* WebKit.framework in Frameworks */,
				5A1C225AEDB1451495E727B4 /* SystemConfiguration.framework in Frameworks */,
				2405097FD33B495E951842CF /* Accelerate.framework in Frameworks */,
				32744C75D16A4E05B4FEEEEC /* CoreData.framework in Frameworks */,
				3910ED26D4324E70B0041881 /* CoreLocation.framework in Frameworks */,
				145E7A7821F2431FB5951A67 /* CoreTelephony.framework in Frameworks */,
				B8C9D2BC5C6A49C2A4A018ED /* CoreText.framework in Frameworks */,
				4BB1F69533DC4D23AEF5FFCC /* CoreImage.framework in Frameworks */,
				BDF84A825F614DAF807A0192 /* GLKit.framework in Frameworks */,
				BD76A918B6B5486CA3DB6EE1 /* ImageIO.framework in Frameworks */,
				6965B8A9E51E4E8E800AB7AB /* libc++.tbd in Frameworks */,
				3C43A15DD9FB4B1486B58D1C /* libz.tbd in Frameworks */,
				782F7CAF0E054C7BA8574DAD /* OpenGLES.framework in Frameworks */,
				FA4212869C26459B9C591FBB /* QuartzCore.framework in Frameworks */,
				EAE8751EC78B4380B80BF8A4 /* UIKit.framework in Frameworks */,
				FB5AD120943045AC9F41A80C /* GoogleMapsBase.framework in Frameworks */,
				BDED4CE76C5242FC8D860B20 /* GoogleMaps.framework in Frameworks */,
				CF289ECAFC7743179CE59F65 /* GoogleMapsCore.framework in Frameworks */,
			);
			runOnlyForDeploymentPostprocessing = 0;
		};
/* End PBXFrameworksBuildPhase section */

/* Begin PBXGroup section */
		080E96DDFE201D6D7F000001 /* Classes */ = {
			isa = PBXGroup;
			children = (
				302D95EE14D2391D003F00A1 /* MainViewController.h */,
				302D95EF14D2391D003F00A1 /* MainViewController.m */,
				302D95F014D2391D003F00A1 /* MainViewController.xib */,
				1D3623240D0F684500981E51 /* AppDelegate.h */,
				1D3623250D0F684500981E51 /* AppDelegate.m */,
			);
			name = Classes;
			path = Promoshop/Classes;
			sourceTree = SOURCE_ROOT;
		};
		19C28FACFE9D520D11CA2CBB /* Products */ = {
			isa = PBXGroup;
			children = (
				1D6058910D05DD3D006BFB54 /* Promoshop.app */,
			);
			name = Products;
			sourceTree = "<group>";
		};
		29B97314FDCFA39411CA2CEA /* CustomTemplate */ = {
			isa = PBXGroup;
			children = (
				EB87FDF41871DAF40020F90C /* config.xml */,
				EB87FDF31871DA8E0020F90C /* www */,
				EB87FDF11871DA420020F90C /* Staging */,
				301BF52D109A57CC0062928A /* CordovaLib.xcodeproj */,
				080E96DDFE201D6D7F000001 /* Classes */,
				307C750510C5A3420062BCA9 /* Plugins */,
				29B97315FDCFA39411CA2CEA /* Other Sources */,
				29B97317FDCFA39411CA2CEA /* Resources */,
				29B97323FDCFA39411CA2CEA /* Frameworks */,
				19C28FACFE9D520D11CA2CBB /* Products */,
				F351AF77739C703C5C5BD09A /* Pods */,
			);
			name = CustomTemplate;
			sourceTree = "<group>";
		};
		29B97315FDCFA39411CA2CEA /* Other Sources */ = {
			isa = PBXGroup;
			children = (
				32CA4F630368D1EE00C91783 /* Promoshop-Prefix.pch */,
				29B97316FDCFA39411CA2CEA /* main.m */,
				ED33DF2A687741AEAF9F8254 /* Bridging-Header.h */,
			);
			name = "Other Sources";
			path = Promoshop;
			sourceTree = "<group>";
		};
		29B97317FDCFA39411CA2CEA /* Resources */ = {
			isa = PBXGroup;
			children = (
				0207DA571B56EA530066E2B4 /* Images.xcassets */,
				3047A50E1AB8057F00498E2A /* config */,
				8D1107310486CEB800E47090 /* Promoshop-Info.plist */,
				6AFF5BF81D6E424B00AB3073 /* CDVLaunchScreen.storyboard */,
				CD7477E5DECE434B8757803D /* GoogleService-Info.plist */,
				6AB3F406B49E47569FF4734E /* GoogleMaps.bundle */,
				CF45C8330848487A9A6258F9 /* pgm_Localizable_en.json */,
				46EA63B5341644DEBA95F54E /* pgm_Localizable_es.json */,
				5E586CB0963A40778A2F1D92 /* pgm_Localizable_ja.json */,
				F43B1E37F2C3475BB053D6A5 /* pgm_Localizable_ru.json */,
				7EE74BE8A159473EA8414638 /* pgm_Localizable_uk.json */,
				F4CB95DC53344C769DDBE03B /* pgm_Localizable_pt-BR.json */,
				FCD7460B184D440E9F9FE329 /* pgm_Localizable_de.json */,
				2708790FC8C94762B252D662 /* pgm_Localizable_fr.json */,
				647FC6A239FB40649B0FDC46 /* pgm_Localizable_hi.json */,
				2094D81666C745CFB49869A3 /* pgm_Localizable_ar.json */,
				86D34F25003E4FBE83AAEBD6 /* pgm_Localizable_nl.json */,
				B6C11A27759A42D09BE5F0A7 /* pgm_Localizable_pl.json */,
				D60D38CA95C34951921E3D69 /* pgm_Localizable_da.json */,
				101F207AD4294B22B4ED9E78 /* pgm_Localizable_vi.json */,
			);
			name = Resources;
			path = Promoshop/Resources;
			sourceTree = "<group>";
		};
		29B97323FDCFA39411CA2CEA /* Frameworks */ = {
			isa = PBXGroup;
			children = (
				270E2B774F044F2B89AFDEA7 /* libPods-Promoshop.a */,
				CF2ABA18564E4E6D9B3484E0 /* WebKit.framework */,
				4EF514EAEE5943A3BF4CFCAC /* SystemConfiguration.framework */,
				23D164B7E20E4371AAC4252C /* Accelerate.framework */,
				E33E7F3DEAFD46B0B17AB958 /* CoreData.framework */,
				5F082BC0D7FB4D068DDC5550 /* CoreLocation.framework */,
				F71F73EDFDC246B4A99AFD73 /* CoreTelephony.framework */,
				DEA28CE7E202455693BE627A /* CoreText.framework */,
				3734AB9BCF7B407B842DC01D /* CoreImage.framework */,
				B18D6EE7EAA84B6B8D5FA4E9 /* GLKit.framework */,
				39E6702DF6C24693826E4684 /* ImageIO.framework */,
				E9E4036F766D4393A030F10E /* libc++.tbd */,
				D85165AA9AC84F42844A16BE /* libz.tbd */,
				0628D0FA65944E459E1ECD91 /* OpenGLES.framework */,
				2A2C387990E94E518D1C4BA1 /* QuartzCore.framework */,
				7BA7B6C321FC40008BA3F6A1 /* UIKit.framework */,
				A02C89C6D6AD4B8ABBD6704B /* GoogleMapsBase.framework */,
				A6B66F52D5494A9DB972C2BE /* GoogleMaps.framework */,
				CE1E4C48991C4EEE8B092284 /* GoogleMapsCore.framework */,
			);
			name = Frameworks;
			sourceTree = "<group>";
		};
		301BF52E109A57CC0062928A /* Products */ = {
			isa = PBXGroup;
			children = (
				301BF535109A57CC0062928A /* libCordova.a */,
				907D8124214C687600058A10 /* Cordova.framework */,
			);
			name = Products;
			sourceTree = "<group>";
		};
		3047A50E1AB8057F00498E2A /* config */ = {
			isa = PBXGroup;
			children = (
				3047A50F1AB8059700498E2A /* build-debug.xcconfig */,
				3047A5101AB8059700498E2A /* build-release.xcconfig */,
				3047A5111AB8059700498E2A /* build.xcconfig */,
			);
			name = config;
			sourceTree = "<group>";
		};
		307C750510C5A3420062BCA9 /* Plugins */ = {
			isa = PBXGroup;
			children = (
				95882BE8BA9C4FD6B0053C00 /* CDVDevice.m */,
				F9A6C88D1AA545DEA390A490 /* CDVDevice.h */,
				1FF2E22910A04325B25390C7 /* FCMPlugin.m */,
				F97E474DD8DC4BA693F51D12 /* AppDelegate+FCMPlugin.m */,
				8449843419FA48A2A8029B7D /* FCMPluginIOS9Support.m */,
				1BD478D6C1794B639E6979D6 /* FCMNotificationCenterDelegate.m */,
				CC0BD562D595488D9A441145 /* FCMPlugin.h */,
				CD2DD464D0A84F2EB6C2E15B /* AppDelegate+FCMPlugin.h */,
				F01B6D7ECCCD494A91C2C8E7 /* FCMPluginIOS9Support.h */,
				2D5F548E223B4F1881C2123B /* FCMNotificationCenterDelegate.h */,
				D971FCFF7EAB43F696C04BD2 /* FirebaseAuthenticationPlugin.m */,
				F66E7B452AE449A5A240712C /* FirebaseAuthenticationPlugin.h */,
				2B04864E6B0C415A8AF516A2 /* CDVIonicKeyboard.m */,
				6D29D74AE0584C30A7AED77C /* CDVIonicKeyboard.h */,
				948ECACB6F6344C895416B71 /* CDVWKWebViewEngine.m */,
				C6EA28FA257741EEA0A6A25C /* CDVWKWebViewUIDelegate.m */,
				A5AD71A52A654C6AAFD88193 /* CDVWKProcessPoolFactory.m */,
				D76498E9C652400DB1562A5A /* IONAssetHandler.m */,
				A801191DB8ED4A169E367C2C /* CDVWKWebViewEngine.h */,
				A43AF03358754B00BDCF1ACE /* CDVWKWebViewUIDelegate.h */,
				F1CBE8F841984B33A53B45AB /* CDVWKProcessPoolFactory.h */,
				246111655F0F4A7E81ECAC21 /* IONAssetHandler.h */,
				50589080090B49C5AAC033E2 /* CDVSplashScreen.m */,
				185AE29E671C4FD4B7E3D05E /* CDVViewController+SplashScreen.m */,
				CA391D17FBAF4AD18E297656 /* CDVSplashScreen.h */,
				9E00179541864C3C875AE1C1 /* CDVViewController+SplashScreen.h */,
				E93F0C1F9CAF4EB2A21B0CD6 /* CDVStatusBar.m */,
				D99B5598F71A4319993B1B9F /* CDVStatusBar.h */,
				F56FCFDBB4F54566A12DCA6A /* SQLitePlugin.m */,
				5D4F8EDEFBFA4C0CB3406424 /* CustomPSPDFThreadSafeMutableDictionary.m */,
				3A7C26CA50704E048648C95B /* sqlite3.c */,
				ECAC6733A7784AE3B2DAFBD4 /* SQLitePlugin.h */,
				2D0128DE1A84445D9EDDE4F5 /* sqlite3.h */,
				216C9387B63C4FDF81D64D00 /* OneSignalPush.m */,
				6442AAD89A574DD982BE407E /* OneSignalPush.h */,
				8306693E829E40AD92C26EC1 /* PluginObjects.m */,
				344DABD3708E4FAE99CA07D8 /* PluginCircle.m */,
				9640B31F857546729D2D80F8 /* PluginGeocoder.m */,
				852B7AF43E21479B9738430D /* PluginLocationService.m */,
				8B823AA86DE6444A99DFBDAA /* PluginElevationService.m */,
				FD8A7A869092416FB8BF11F9 /* PluginDirectionsService.m */,
				736F8FC31D3B4A309E592F8E /* PluginEnvironment.m */,
				41373AE26E4448CF960E2E36 /* CordovaGoogleMaps.m */,
				6BF1EB74D72343F98BD92FF2 /* PluginMapViewController.m */,
				81C9A916C0A345558683BEE1 /* PluginGroundOverlay.m */,
				7D1A082C71634F3FA52F4E15 /* PluginKmlOverlay.m */,
				4DD240DDA3E545948436E893 /* PluginMap.m */,
				BFAD3737592843499ADE405F /* PluginMarker.m */,
				06DE017573334DC4896205E4 /* PluginUtil.m */,
				3583C579173E47D5A12D7B26 /* PluginPolygon.m */,
				021B04AC496E4AA9B6950DDA /* PluginPolyline.m */,
				FB1C8D2803834BC9B6940D0A /* PluginTileProvider.m */,
				C90A9B60F5C54D0E9C7A1767 /* TBXML.m */,
				1882F2E530D84BA78D5710AC /* PluginTileOverlay.m */,
				8CDAC2C8D52E42369503A5F9 /* GMSCoordinateBounds+Geometry.m */,
				0AD7670EEEB845C891A49177 /* MyPluginLayer.m */,
				B264C899E11F40B7AAE27F3C /* MyPluginScrollView.m */,
				31295C7827884A779882B5B7 /* PluginMarkerCluster.m */,
				CBF84C9B1B8C458CA64EEF94 /* UIImageCache.m */,
				E397C794AC02417EADB15697 /* PluginStreetViewPanorama.m */,
				8FF562D6804F417993E11D00 /* PluginStreetViewPanoramaController.m */,
				0DEA303D47664082BF4E07F2 /* PluginViewController.m */,
				65D491658F3B49B6866BE9C9 /* PluginObjects.h */,
				6483FCDF40314BEE8C8F09D9 /* PluginCircle.h */,
				2B551238DAAE455582CC2DE1 /* PluginGeocoder.h */,
				0005D613371C44C592991DD4 /* PluginLocationService.h */,
				166944E57BA040AB80B048AC /* PluginElevationService.h */,
				E01CE75FE603404392CABFC2 /* PluginDirectionsService.h */,
				18A3657F0520450B975071D4 /* PluginEnvironment.h */,
				054F5D30278B4C9EAB7BECB9 /* CordovaGoogleMaps.h */,
				96CD08565E5B42C2AC004FDF /* PluginMapViewController.h */,
				262AE56EB6A847ABA79DC88C /* PluginGroundOverlay.h */,
				1723C55FA0BF4020A6A2E28D /* PluginKmlOverlay.h */,
				8BB65A50F3DB4C599D5AAB77 /* PluginMap.h */,
				80E77CBCDE3449D5B18459F2 /* PluginMarker.h */,
				C749D79B038C4B4B99682046 /* PluginUtil.h */,
				201F0B8BDB144054B5DB543D /* PluginPolygon.h */,
				BAB55BB9F5354A5CBDB52BBB /* PluginPolyline.h */,
				3F3E964F414345F4842A33DC /* PluginTileProvider.h */,
				E7E1155F909D40AC866AA684 /* TBXML.h */,
				997E18974D684B778E1CEEC6 /* PluginTileOverlay.h */,
				564CEB539769492B8ABFD2B8 /* GMSCoordinateBounds+Geometry.h */,
				D58B57B5C29041BC8CEDB8DB /* MyPluginLayer.h */,
				DA381D76AFCC4C629304BB32 /* MyPluginScrollView.h */,
				111B3D2897A640E282EF0661 /* PluginMarkerCluster.h */,
				258692540BBE4EB0A8C221F8 /* UIImageCache.h */,
				3E16EFB289084A92A037DE6F /* PluginStreetViewPanorama.h */,
				280BAAD5BB984F7F9F5AF488 /* PluginStreetViewPanoramaController.h */,
				8914776722364176BD4F67BB /* PluginViewController.h */,
				837ED236DE524F0F97C45332 /* IPluginView.h */,
				BE19C6E1ED3140C4BA5F9858 /* IPluginProtocol.h */,
			);
			name = Plugins;
			path = Promoshop/Plugins;
			sourceTree = SOURCE_ROOT;
		};
		EB87FDF11871DA420020F90C /* Staging */ = {
			isa = PBXGroup;
			children = (
				F840E1F0165FE0F500CFE078 /* config.xml */,
				301BF56E109A69640062928A /* www */,
			);
			name = Staging;
			sourceTree = "<group>";
		};
		F351AF77739C703C5C5BD09A /* Pods */ = {
			isa = PBXGroup;
			children = (
				F46CCA07B8EF058C7A467208 /* Pods-Promoshop.debug.xcconfig */,
				112613AF5863BB895FF33F62 /* Pods-Promoshop.release.xcconfig */,
			);
			path = Pods;
			sourceTree = "<group>";
		};
/* End PBXGroup section */

/* Begin PBXNativeTarget section */
		1D6058900D05DD3D006BFB54 /* Promoshop */ = {
			isa = PBXNativeTarget;
			buildConfigurationList = 1D6058960D05DD3E006BFB54 /* Build configuration list for PBXNativeTarget "Promoshop" */;
			buildPhases = (
				BBBA177930F22B029A86C495 /* [CP] Check Pods Manifest.lock */,
				304B58A110DAC018002A0835 /* Copy www directory */,
				1D60588D0D05DD3D006BFB54 /* Resources */,
				1D60588E0D05DD3D006BFB54 /* Sources */,
				1D60588F0D05DD3D006BFB54 /* Frameworks */,
			);
			buildRules = (
			);
			dependencies = (
				301BF551109A68C00062928A /* PBXTargetDependency */,
			);
			name = Promoshop;
			productName = Promoshop;
			productReference = 1D6058910D05DD3D006BFB54 /* Promoshop.app */;
			productType = "com.apple.product-type.application";
		};
/* End PBXNativeTarget section */

/* Begin PBXProject section */
		29B97313FDCFA39411CA2CEA /* Project object */ = {
			isa = PBXProject;
			attributes = {
				LastUpgradeCheck = 1130;
			};
			buildConfigurationList = C01FCF4E08A954540054247B /* Build configuration list for PBXProject "Promoshop" */;
			compatibilityVersion = "Xcode 11.0";
			developmentRegion = en;
			hasScannedForEncodings = 1;
			knownRegions = (
				en,
				Base,
			);
			mainGroup = 29B97314FDCFA39411CA2CEA /* CustomTemplate */;
			productRefGroup = 19C28FACFE9D520D11CA2CBB /* Products */;
			projectDirPath = "";
			projectReferences = (
				{
					ProductGroup = 301BF52E109A57CC0062928A /* Products */;
					ProjectRef = 301BF52D109A57CC0062928A /* CordovaLib.xcodeproj */;
				},
			);
			projectRoot = "";
			targets = (
				1D6058900D05DD3D006BFB54 /* Promoshop */,
			);
		};
/* End PBXProject section */

/* Begin PBXReferenceProxy section */
		301BF535109A57CC0062928A /* libCordova.a */ = {
			isa = PBXReferenceProxy;
			fileType = archive.ar;
			path = libCordova.a;
			remoteRef = 301BF534109A57CC0062928A /* PBXContainerItemProxy */;
			sourceTree = BUILT_PRODUCTS_DIR;
		};
		907D8124214C687600058A10 /* Cordova.framework */ = {
			isa = PBXReferenceProxy;
			fileType = wrapper.framework;
			path = Cordova.framework;
			remoteRef = 907D8123214C687600058A10 /* PBXContainerItemProxy */;
			sourceTree = BUILT_PRODUCTS_DIR;
		};
/* End PBXReferenceProxy section */

/* Begin PBXResourcesBuildPhase section */
		1D60588D0D05DD3D006BFB54 /* Resources */ = {
			isa = PBXResourcesBuildPhase;
			buildActionMask = 2147483647;
			files = (
				302D95F214D2391D003F00A1 /* MainViewController.xib in Resources */,
				0207DA581B56EA530066E2B4 /* Images.xcassets in Resources */,
				6AFF5BF91D6E424B00AB3073 /* CDVLaunchScreen.storyboard in Resources */,
				6056DC3C7887490C8A0AF89C /* GoogleService-Info.plist in Resources */,
				205AB7DD2DE44B24B6E2AE84 /* GoogleMaps.bundle in Resources */,
				C555C2E0BE4B4921A301318D /* pgm_Localizable_en.json in Resources */,
				8307200DEFED4919A77F5498 /* pgm_Localizable_es.json in Resources */,
				FE0EFD0F19CA4CB290D153A8 /* pgm_Localizable_ja.json in Resources */,
				4BA8B40734434A769FA5CA66 /* pgm_Localizable_ru.json in Resources */,
				297E950B6C5248CC87F48BD7 /* pgm_Localizable_uk.json in Resources */,
				705A4395460F4B3E94CA5F45 /* pgm_Localizable_pt-BR.json in Resources */,
				6EE3FDD99E0643C1B73C32AA /* pgm_Localizable_de.json in Resources */,
				7FC18445E7964E6A89FD78AC /* pgm_Localizable_fr.json in Resources */,
				A3A0C6CC868B442ABEDD8977 /* pgm_Localizable_hi.json in Resources */,
				93939A4258D742ABACAD760E /* pgm_Localizable_ar.json in Resources */,
				7C6B87FAFA5D4A19BDE65591 /* pgm_Localizable_nl.json in Resources */,
				16EBBCEC63E94B32A47E4052 /* pgm_Localizable_pl.json in Resources */,
				1F29C460AE8B4E73A1E26F78 /* pgm_Localizable_da.json in Resources */,
				08717169814A4E73B68177E7 /* pgm_Localizable_vi.json in Resources */,
			);
			runOnlyForDeploymentPostprocessing = 0;
		};
/* End PBXResourcesBuildPhase section */

/* Begin PBXShellScriptBuildPhase section */
		304B58A110DAC018002A0835 /* Copy www directory */ = {
			isa = PBXShellScriptBuildPhase;
			buildActionMask = 2147483647;
			files = (
			);
			inputPaths = (
			);
			name = "Copy www directory";
			outputPaths = (
			);
			runOnlyForDeploymentPostprocessing = 0;
			shellPath = /bin/sh;
			shellScript = "\"$SRCROOT/Promoshop/Scripts/copy-www-build-step.sh\"";
			showEnvVarsInLog = 0;
		};
		BBBA177930F22B029A86C495 /* [CP] Check Pods Manifest.lock */ = {
			isa = PBXShellScriptBuildPhase;
			buildActionMask = 2147483647;
			files = (
			);
			inputFileListPaths = (
			);
			inputPaths = (
				"${PODS_PODFILE_DIR_PATH}/Podfile.lock",
				"${PODS_ROOT}/Manifest.lock",
			);
			name = "[CP] Check Pods Manifest.lock";
			outputFileListPaths = (
			);
			outputPaths = (
				"$(DERIVED_FILE_DIR)/Pods-Promoshop-checkManifestLockResult.txt",
			);
			runOnlyForDeploymentPostprocessing = 0;
			shellPath = /bin/sh;
			shellScript = "diff \"${PODS_PODFILE_DIR_PATH}/Podfile.lock\" \"${PODS_ROOT}/Manifest.lock\" > /dev/null\nif [ $? != 0 ] ; then\n    # print error to STDERR\n    echo \"error: The sandbox is not in sync with the Podfile.lock. Run 'pod install' or update your CocoaPods installation.\" >&2\n    exit 1\nfi\n# This output is used by Xcode 'outputs' to avoid re-running this script phase.\necho \"SUCCESS\" > \"${SCRIPT_OUTPUT_FILE_0}\"\n";
			showEnvVarsInLog = 0;
		};
/* End PBXShellScriptBuildPhase section */

/* Begin PBXSourcesBuildPhase section */
		1D60588E0D05DD3D006BFB54 /* Sources */ = {
			isa = PBXSourcesBuildPhase;
			buildActionMask = 2147483647;
			files = (
				1D60589B0D05DD56006BFB54 /* main.m in Sources */,
				1D3623260D0F684500981E51 /* AppDelegate.m in Sources */,
				302D95F114D2391D003F00A1 /* MainViewController.m in Sources */,
				6D1569B6F3E24C638CED27D4 /* CDVDevice.m in Sources */,
				78686719C0414697820A8097 /* FCMPlugin.m in Sources */,
				C30C20292AFD41D6BDC84060 /* AppDelegate+FCMPlugin.m in Sources */,
				D4E204DE84FE4CA497BFCA40 /* FCMPluginIOS9Support.m in Sources */,
				4581A7ED71AF47CCA71099FF /* FCMNotificationCenterDelegate.m in Sources */,
				DF1FF5834C814D07A383F255 /* FirebaseAuthenticationPlugin.m in Sources */,
				9680EE0FAE9D431095AC3142 /* CDVIonicKeyboard.m in Sources */,
				B2A70056A9D540B285639ADB /* CDVWKWebViewEngine.m in Sources */,
				75DBC07E547F481991F302F4 /* CDVWKWebViewUIDelegate.m in Sources */,
				713371C0EA9E48D08D71DFAE /* CDVWKProcessPoolFactory.m in Sources */,
				09265095309F4454935EF37E /* IONAssetHandler.m in Sources */,
				22D4DF135CF24B24A9590903 /* CDVSplashScreen.m in Sources */,
				59282B1675B04197AD30BAC4 /* CDVViewController+SplashScreen.m in Sources */,
				DAD20AABE7E64EB78CEC7073 /* CDVStatusBar.m in Sources */,
				552ED0FF219A4641ACF0593B /* SQLitePlugin.m in Sources */,
				9D882E7B0725487AA7E38738 /* CustomPSPDFThreadSafeMutableDictionary.m in Sources */,
				B3621F359C8440DABB6A1A26 /* sqlite3.c in Sources */,
				53901745E4244DD2931BB17A /* OneSignalPush.m in Sources */,
				78D93E0605F74C568F93F1C9 /* PluginObjects.m in Sources */,
				54769D2BE1424C54849C1A77 /* PluginCircle.m in Sources */,
				616D7B2B51164E48A74F5A93 /* PluginGeocoder.m in Sources */,
				0E7232F6526347239F948F0D /* PluginLocationService.m in Sources */,
				D81BF0F4EE5A4ADDBFA171ED /* PluginElevationService.m in Sources */,
				C8626416BED4400B9941EB6C /* PluginDirectionsService.m in Sources */,
				272D516971154CEC88716898 /* PluginEnvironment.m in Sources */,
				3F35181BFD6747D386E75776 /* CordovaGoogleMaps.m in Sources */,
				DC8BCFFCE75B4E1BA8FDB5A9 /* PluginMapViewController.m in Sources */,
				3354AA417B0A4095989BB906 /* PluginGroundOverlay.m in Sources */,
				3C4429E72E324FCDAFF10A62 /* PluginKmlOverlay.m in Sources */,
				A92B3902DCB34289972B7BB2 /* PluginMap.m in Sources */,
				0B1A160662F8442DB17CCE5A /* PluginMarker.m in Sources */,
				E2391C1D0257449C82EF583E /* PluginUtil.m in Sources */,
				040B16E340ED4B94A5D9E67A /* PluginPolygon.m in Sources */,
				5354CEBDA6A545A3A7977C43 /* PluginPolyline.m in Sources */,
				FAF738902759454FAA0489BE /* PluginTileProvider.m in Sources */,
				FD0F66F549474916A2241255 /* TBXML.m in Sources */,
				4064E8E268484F75A51BFA5B /* PluginTileOverlay.m in Sources */,
				54CBC61D1802428DAE48778D /* GMSCoordinateBounds+Geometry.m in Sources */,
				A4388434B8854A25B0B7D11C /* MyPluginLayer.m in Sources */,
				609E794BBE7B4F3CB4EF8B6E /* MyPluginScrollView.m in Sources */,
				E1EFE5E91C0942B5B528079F /* PluginMarkerCluster.m in Sources */,
				3CC82C0961D047CB92615951 /* UIImageCache.m in Sources */,
				FC2334671ACC497CBDBECC08 /* PluginStreetViewPanorama.m in Sources */,
				C5E5008113BA490189BEE086 /* PluginStreetViewPanoramaController.m in Sources */,
				90564563ADAA48B98BE695FB /* PluginViewController.m in Sources */,
			);
			runOnlyForDeploymentPostprocessing = 0;
		};
/* End PBXSourcesBuildPhase section */

/* Begin PBXTargetDependency section */
		301BF551109A68C00062928A /* PBXTargetDependency */ = {
			isa = PBXTargetDependency;
			name = CordovaLib;
			targetProxy = 301BF550109A68C00062928A /* PBXContainerItemProxy */;
		};
/* End PBXTargetDependency section */

/* Begin XCBuildConfiguration section */
		1D6058940D05DD3E006BFB54 /* Debug */ = {
			isa = XCBuildConfiguration;
			baseConfigurationReference = 3047A50F1AB8059700498E2A /* build-debug.xcconfig */;
			buildSettings = {
				ALWAYS_SEARCH_USER_PATHS = NO;
				ASSETCATALOG_COMPILER_APPICON_NAME = AppIcon;
				CLANG_ENABLE_MODULES = YES;
				CLANG_ENABLE_OBJC_ARC = YES;
				COPY_PHASE_STRIP = NO;
				DEVELOPMENT_TEAM = V7YV737JXP;
				GCC_DYNAMIC_NO_PIC = NO;
				GCC_OPTIMIZATION_LEVEL = 0;
				GCC_PRECOMPILE_PREFIX_HEADER = YES;
				GCC_PREFIX_HEADER = "Promoshop/Promoshop-Prefix.pch";
				GCC_THUMB_SUPPORT = NO;
				GCC_VERSION = "";
				INFOPLIST_FILE = "Promoshop/Promoshop-Info.plist";
				IPHONEOS_DEPLOYMENT_TARGET = 11.0;
				LD_RUNPATH_SEARCH_PATHS = "@executable_path/Frameworks";
				PRODUCT_BUNDLE_IDENTIFIER = test.promoshop.apptest;
				PRODUCT_NAME = "$(TARGET_NAME)";
				TARGETED_DEVICE_FAMILY = "1,2";
				FRAMEWORK_SEARCH_PATHS = (
					"$(inherited)",
					"\"Promoshop/Plugins/com.googlemaps.ios\"",
					"\"Promoshop/Plugins/com.googlemaps.ios\"",
					"\"Promoshop/Plugins/com.googlemaps.ios\"",
				);
			};
			name = Debug;
		};
		1D6058950D05DD3E006BFB54 /* Release */ = {
			isa = XCBuildConfiguration;
			baseConfigurationReference = 3047A5101AB8059700498E2A /* build-release.xcconfig */;
			buildSettings = {
				ALWAYS_SEARCH_USER_PATHS = NO;
				ASSETCATALOG_COMPILER_APPICON_NAME = AppIcon;
				CLANG_ENABLE_MODULES = YES;
				CLANG_ENABLE_OBJC_ARC = YES;
				CODE_SIGN_IDENTITY = "Apple Development";
				CODE_SIGN_STYLE = Automatic;
				COPY_PHASE_STRIP = YES;
				DEVELOPMENT_TEAM = V7YV737JXP;
				GCC_PRECOMPILE_PREFIX_HEADER = YES;
				GCC_PREFIX_HEADER = "Promoshop/Promoshop-Prefix.pch";
				GCC_THUMB_SUPPORT = NO;
				GCC_VERSION = "";
				INFOPLIST_FILE = "Promoshop/Promoshop-Info.plist";
				IPHONEOS_DEPLOYMENT_TARGET = 11.0;
				LD_RUNPATH_SEARCH_PATHS = "@executable_path/Frameworks";
				PRODUCT_BUNDLE_IDENTIFIER = test.promoshop.apptest;
				PRODUCT_NAME = "$(TARGET_NAME)";
				PROVISIONING_PROFILE_SPECIFIER = "";
				TARGETED_DEVICE_FAMILY = "1,2";
				FRAMEWORK_SEARCH_PATHS = (
					"$(inherited)",
					"\"Promoshop/Plugins/com.googlemaps.ios\"",
					"\"Promoshop/Plugins/com.googlemaps.ios\"",
					"\"Promoshop/Plugins/com.googlemaps.ios\"",
				);
			};
			name = Release;
		};
		C01FCF4F08A954540054247B /* Debug */ = {
			isa = XCBuildConfiguration;
			baseConfigurationReference = 3047A5111AB8059700498E2A /* build.xcconfig */;
			buildSettings = {
				CLANG_ANALYZER_LOCALIZABILITY_NONLOCALIZED = YES;
				CLANG_ENABLE_MODULES = YES;
				CLANG_ENABLE_OBJC_ARC = YES;
				CLANG_WARN_BLOCK_CAPTURE_AUTORELEASING = YES;
				CLANG_WARN_BOOL_CONVERSION = YES;
				CLANG_WARN_COMMA = YES;
				CLANG_WARN_CONSTANT_CONVERSION = YES;
				CLANG_WARN_DEPRECATED_OBJC_IMPLEMENTATIONS = YES;
				CLANG_WARN_EMPTY_BODY = YES;
				CLANG_WARN_ENUM_CONVERSION = YES;
				CLANG_WARN_INFINITE_RECURSION = YES;
				CLANG_WARN_INT_CONVERSION = YES;
				CLANG_WARN_NON_LITERAL_NULL_CONVERSION = YES;
				CLANG_WARN_OBJC_IMPLICIT_RETAIN_SELF = YES;
				CLANG_WARN_OBJC_LITERAL_CONVERSION = YES;
				CLANG_WARN_RANGE_LOOP_ANALYSIS = YES;
				CLANG_WARN_STRICT_PROTOTYPES = YES;
				CLANG_WARN_SUSPICIOUS_MOVE = YES;
				CLANG_WARN_UNREACHABLE_CODE = YES;
				CLANG_WARN__DUPLICATE_METHOD_MATCH = YES;
				ENABLE_STRICT_OBJC_MSGSEND = YES;
				ENABLE_TESTABILITY = YES;
				GCC_C_LANGUAGE_STANDARD = c99;
				GCC_NO_COMMON_BLOCKS = YES;
				GCC_THUMB_SUPPORT = NO;
				GCC_VERSION = "";
				GCC_WARN_64_TO_32_BIT_CONVERSION = YES;
				GCC_WARN_ABOUT_RETURN_TYPE = YES;
				GCC_WARN_UNDECLARED_SELECTOR = YES;
				GCC_WARN_UNINITIALIZED_AUTOS = YES;
				GCC_WARN_UNUSED_FUNCTION = YES;
				GCC_WARN_UNUSED_VARIABLE = YES;
				IPHONEOS_DEPLOYMENT_TARGET = 11.0;
				ONLY_ACTIVE_ARCH = YES;
				SDKROOT = iphoneos;
				SKIP_INSTALL = NO;
				WK_WEB_VIEW_ONLY = 1;
			};
			name = Debug;
		};
		C01FCF5008A954540054247B /* Release */ = {
			isa = XCBuildConfiguration;
			baseConfigurationReference = 3047A5111AB8059700498E2A /* build.xcconfig */;
			buildSettings = {
				CLANG_ANALYZER_LOCALIZABILITY_NONLOCALIZED = YES;
				CLANG_ENABLE_MODULES = YES;
				CLANG_ENABLE_OBJC_ARC = YES;
				CLANG_WARN_BLOCK_CAPTURE_AUTORELEASING = YES;
				CLANG_WARN_BOOL_CONVERSION = YES;
				CLANG_WARN_COMMA = YES;
				CLANG_WARN_CONSTANT_CONVERSION = YES;
				CLANG_WARN_DEPRECATED_OBJC_IMPLEMENTATIONS = YES;
				CLANG_WARN_EMPTY_BODY = YES;
				CLANG_WARN_ENUM_CONVERSION = YES;
				CLANG_WARN_INFINITE_RECURSION = YES;
				CLANG_WARN_INT_CONVERSION = YES;
				CLANG_WARN_NON_LITERAL_NULL_CONVERSION = YES;
				CLANG_WARN_OBJC_IMPLICIT_RETAIN_SELF = YES;
				CLANG_WARN_OBJC_LITERAL_CONVERSION = YES;
				CLANG_WARN_RANGE_LOOP_ANALYSIS = YES;
				CLANG_WARN_STRICT_PROTOTYPES = YES;
				CLANG_WARN_SUSPICIOUS_MOVE = YES;
				CLANG_WARN_UNREACHABLE_CODE = YES;
				CLANG_WARN__DUPLICATE_METHOD_MATCH = YES;
				ENABLE_STRICT_OBJC_MSGSEND = YES;
				GCC_C_LANGUAGE_STANDARD = c99;
				GCC_NO_COMMON_BLOCKS = YES;
				GCC_THUMB_SUPPORT = NO;
				GCC_VERSION = "";
				GCC_WARN_64_TO_32_BIT_CONVERSION = YES;
				GCC_WARN_ABOUT_RETURN_TYPE = YES;
				GCC_WARN_UNDECLARED_SELECTOR = YES;
				GCC_WARN_UNINITIALIZED_AUTOS = YES;
				GCC_WARN_UNUSED_FUNCTION = YES;
				GCC_WARN_UNUSED_VARIABLE = YES;
				IPHONEOS_DEPLOYMENT_TARGET = 11.0;
				SDKROOT = iphoneos;
				SKIP_INSTALL = NO;
				WK_WEB_VIEW_ONLY = 1;
			};
			name = Release;
		};
/* End XCBuildConfiguration section */

/* Begin XCConfigurationList section */
		1D6058960D05DD3E006BFB54 /* Build configuration list for PBXNativeTarget "Promoshop" */ = {
			isa = XCConfigurationList;
			buildConfigurations = (
				1D6058940D05DD3E006BFB54 /* Debug */,
				1D6058950D05DD3E006BFB54 /* Release */,
			);
			defaultConfigurationIsVisible = 0;
			defaultConfigurationName = Release;
		};
		C01FCF4E08A954540054247B /* Build configuration list for PBXProject "Promoshop" */ = {
			isa = XCConfigurationList;
			buildConfigurations = (
				C01FCF4F08A954540054247B /* Debug */,
				C01FCF5008A954540054247B /* Release */,
			);
			defaultConfigurationIsVisible = 0;
			defaultConfigurationName = Release;
		};
/* End XCConfigurationList section */
	};
	rootObject = 29B97313FDCFA39411CA2CEA /* Project object */;
}
